// !$*UTF8*$!
{
	archiveVersion = 1;
	classes = {
	};
	objectVersion = 56;
	objects = {

/* Begin PBXBuildFile section */
		7111125E28FDA9B90000EE2A /* PhotosSearchModel.swift in Sources */ = {isa = PBXBuildFile; fileRef = 7111125D28FDA9B90000EE2A /* PhotosSearchModel.swift */; };
		7111126028FDA9D80000EE2A /* HomePhotosCell.swift in Sources */ = {isa = PBXBuildFile; fileRef = 7111125F28FDA9D80000EE2A /* HomePhotosCell.swift */; };
		7111126228FDA9F40000EE2A /* ActivityIndicator.swift in Sources */ = {isa = PBXBuildFile; fileRef = 7111126128FDA9F40000EE2A /* ActivityIndicator.swift */; };
		7111126428FDAA130000EE2A /* HomeViewController.swift in Sources */ = {isa = PBXBuildFile; fileRef = 7111126328FDAA130000EE2A /* HomeViewController.swift */; };
		7111126628FDAA2A0000EE2A /* HomeSearchBarDelegates.swift in Sources */ = {isa = PBXBuildFile; fileRef = 7111126528FDAA2A0000EE2A /* HomeSearchBarDelegates.swift */; };
		7111126828FDAA510000EE2A /* HomePhotosDataSource.swift in Sources */ = {isa = PBXBuildFile; fileRef = 7111126728FDAA510000EE2A /* HomePhotosDataSource.swift */; };
		7111126B28FDAA700000EE2A /* FlickrPhotosViewModel.swift in Sources */ = {isa = PBXBuildFile; fileRef = 7111126A28FDAA700000EE2A /* FlickrPhotosViewModel.swift */; };
		7111126E28FDAA9A0000EE2A /* AppUtilities.swift in Sources */ = {isa = PBXBuildFile; fileRef = 7111126D28FDAA9A0000EE2A /* AppUtilities.swift */; };
		7111127028FDAAB20000EE2A /* CommonUtilities.swift in Sources */ = {isa = PBXBuildFile; fileRef = 7111126F28FDAAB20000EE2A /* CommonUtilities.swift */; };
		7111127228FDAAC80000EE2A /* ImageCacheManager.swift in Sources */ = {isa = PBXBuildFile; fileRef = 7111127128FDAAC80000EE2A /* ImageCacheManager.swift */; };
		7111127428FDAAEA0000EE2A /* APIManager.swift in Sources */ = {isa = PBXBuildFile; fileRef = 7111127328FDAAEA0000EE2A /* APIManager.swift */; };
		7111127628FDAB000000EE2A /* APIConstants.swift in Sources */ = {isa = PBXBuildFile; fileRef = 7111127528FDAB000000EE2A /* APIConstants.swift */; };
		7111127828FDAB160000EE2A /* APIKeys.swift in Sources */ = {isa = PBXBuildFile; fileRef = 7111127728FDAB160000EE2A /* APIKeys.swift */; };
		7111127A28FDAB2D0000EE2A /* NetworkReachability.swift in Sources */ = {isa = PBXBuildFile; fileRef = 7111127928FDAB2D0000EE2A /* NetworkReachability.swift */; };
		7111127C28FDAB410000EE2A /* ServerCommManager.swift in Sources */ = {isa = PBXBuildFile; fileRef = 7111127B28FDAB410000EE2A /* ServerCommManager.swift */; };
		7111127E28FDAB590000EE2A /* NetworkSettings.swift in Sources */ = {isa = PBXBuildFile; fileRef = 7111127D28FDAB590000EE2A /* NetworkSettings.swift */; };
		711C413E28F6071E00C850E6 /* AuthenticationViewModel.swift in Sources */ = {isa = PBXBuildFile; fileRef = 711C413D28F6071E00C850E6 /* AuthenticationViewModel.swift */; };
		712349F328F6F59800E6E6BE /* UserService.swift in Sources */ = {isa = PBXBuildFile; fileRef = 712349F228F6F59800E6E6BE /* UserService.swift */; };
		712349F528F6F5D000E6E6BE /* Constants.swift in Sources */ = {isa = PBXBuildFile; fileRef = 712349F428F6F5CF00E6E6BE /* Constants.swift */; };
		712349F728F6F78500E6E6BE /* User.swift in Sources */ = {isa = PBXBuildFile; fileRef = 712349F628F6F78500E6E6BE /* User.swift */; };
		712349F928F6FB0100E6E6BE /* ProfileHeaderViewModel.swift in Sources */ = {isa = PBXBuildFile; fileRef = 712349F828F6FB0100E6E6BE /* ProfileHeaderViewModel.swift */; };
		71284E3D28F6D281002F0CA6 /* ProfileCell.swift in Sources */ = {isa = PBXBuildFile; fileRef = 71284E3C28F6D281002F0CA6 /* ProfileCell.swift */; };
		71284E3F28F6D29B002F0CA6 /* ProfileHeader.swift in Sources */ = {isa = PBXBuildFile; fileRef = 71284E3E28F6D29B002F0CA6 /* ProfileHeader.swift */; };
		7130818228F5D835007F43F9 /* CustomTextField.swift in Sources */ = {isa = PBXBuildFile; fileRef = 7130818128F5D835007F43F9 /* CustomTextField.swift */; };
		713160D728FC573A004CC533 /* Notification.swift in Sources */ = {isa = PBXBuildFile; fileRef = 713160D628FC573A004CC533 /* Notification.swift */; };
		713160D928FC5B93004CC533 /* NotificationService.swift in Sources */ = {isa = PBXBuildFile; fileRef = 713160D828FC5B93004CC533 /* NotificationService.swift */; };
		713160DB28FC68E5004CC533 /* NotificationViewModel.swift in Sources */ = {isa = PBXBuildFile; fileRef = 713160DA28FC68E5004CC533 /* NotificationViewModel.swift */; };
		713D266928F9B9E3007E6CA7 /* IQKeyboardManagerSwift in Frameworks */ = {isa = PBXBuildFile; productRef = 713D266828F9B9E3007E6CA7 /* IQKeyboardManagerSwift */; };
		7145C1DC28F9CCF800B33343 /* CommentController.swift in Sources */ = {isa = PBXBuildFile; fileRef = 7145C1DB28F9CCF800B33343 /* CommentController.swift */; };
		7145C1DE28F9CE6500B33343 /* CommentCell.swift in Sources */ = {isa = PBXBuildFile; fileRef = 7145C1DD28F9CE6500B33343 /* CommentCell.swift */; };
		7145C1E028F9DBFA00B33343 /* CommentinputAccesoryView.swift in Sources */ = {isa = PBXBuildFile; fileRef = 7145C1DF28F9DBFA00B33343 /* CommentinputAccesoryView.swift */; };
		71525ABA28FA982300BB5E1C /* CommentService.swift in Sources */ = {isa = PBXBuildFile; fileRef = 71525AB928FA982300BB5E1C /* CommentService.swift */; };
		71525ABC28FAA54E00BB5E1C /* Comment.swift in Sources */ = {isa = PBXBuildFile; fileRef = 71525ABB28FAA54E00BB5E1C /* Comment.swift */; };
		715A1A8A28F8A97900AE618A /* PostService.swift in Sources */ = {isa = PBXBuildFile; fileRef = 715A1A8928F8A97900AE618A /* PostService.swift */; };
		71957D8128FC3460002B39A9 /* NotificationCell.swift in Sources */ = {isa = PBXBuildFile; fileRef = 71957D8028FC3460002B39A9 /* NotificationCell.swift */; };
		71A7F3FB28F5846800043C2C /* AppDelegate.swift in Sources */ = {isa = PBXBuildFile; fileRef = 71A7F3FA28F5846800043C2C /* AppDelegate.swift */; };
		71A7F3FD28F5846800043C2C /* SceneDelegate.swift in Sources */ = {isa = PBXBuildFile; fileRef = 71A7F3FC28F5846800043C2C /* SceneDelegate.swift */; };
		71A7F40228F5846800043C2C /* Main.storyboard in Resources */ = {isa = PBXBuildFile; fileRef = 71A7F40028F5846800043C2C /* Main.storyboard */; };
		71A7F40428F5846900043C2C /* Assets.xcassets in Resources */ = {isa = PBXBuildFile; fileRef = 71A7F40328F5846900043C2C /* Assets.xcassets */; };
		71A7F40728F5846900043C2C /* LaunchScreen.storyboard in Resources */ = {isa = PBXBuildFile; fileRef = 71A7F40528F5846900043C2C /* LaunchScreen.storyboard */; };
		71A7F41728F5857000043C2C /* MainTabController.swift in Sources */ = {isa = PBXBuildFile; fileRef = 71A7F41628F5857000043C2C /* MainTabController.swift */; };
		71A7F41928F586BD00043C2C /* FeedController.swift in Sources */ = {isa = PBXBuildFile; fileRef = 71A7F41828F586BD00043C2C /* FeedController.swift */; };
		71A7F41B28F586C900043C2C /* SearchController.swift in Sources */ = {isa = PBXBuildFile; fileRef = 71A7F41A28F586C900043C2C /* SearchController.swift */; };
		71A7F41D28F586D200043C2C /* ImageSelectorController.swift in Sources */ = {isa = PBXBuildFile; fileRef = 71A7F41C28F586D200043C2C /* ImageSelectorController.swift */; };
		71A7F41F28F586EF00043C2C /* NotificationController.swift in Sources */ = {isa = PBXBuildFile; fileRef = 71A7F41E28F586EF00043C2C /* NotificationController.swift */; };
		71A7F42128F5870900043C2C /* ProfileController.swift in Sources */ = {isa = PBXBuildFile; fileRef = 71A7F42028F5870900043C2C /* ProfileController.swift */; };
		71A7F42328F597BD00043C2C /* FeedCell.swift in Sources */ = {isa = PBXBuildFile; fileRef = 71A7F42228F597BD00043C2C /* FeedCell.swift */; };
		71A7F42528F598C800043C2C /* Extensions.swift in Sources */ = {isa = PBXBuildFile; fileRef = 71A7F42428F598C800043C2C /* Extensions.swift */; };
		71A7F42A28F5A8DA00043C2C /* LoginController.swift in Sources */ = {isa = PBXBuildFile; fileRef = 71A7F42928F5A8DA00043C2C /* LoginController.swift */; };
		71A7F42C28F5A8E900043C2C /* RegistrationController.swift in Sources */ = {isa = PBXBuildFile; fileRef = 71A7F42B28F5A8E900043C2C /* RegistrationController.swift */; };
		71BD5E9228F72C720010F0C7 /* UserCell.swift in Sources */ = {isa = PBXBuildFile; fileRef = 71BD5E9128F72C720010F0C7 /* UserCell.swift */; };
		71BD5E9428F748980010F0C7 /* UserCellViewModel.swift in Sources */ = {isa = PBXBuildFile; fileRef = 71BD5E9328F748970010F0C7 /* UserCellViewModel.swift */; };
		71C2660728F6A00F00ABC56E /* GoogleService-Info.plist in Resources */ = {isa = PBXBuildFile; fileRef = 71C2660628F6A00F00ABC56E /* GoogleService-Info.plist */; };
		71C2660A28F6A12200ABC56E /* FirebaseAuth in Frameworks */ = {isa = PBXBuildFile; productRef = 71C2660928F6A12200ABC56E /* FirebaseAuth */; };
		71C2660C28F6A12200ABC56E /* FirebaseDatabase in Frameworks */ = {isa = PBXBuildFile; productRef = 71C2660B28F6A12200ABC56E /* FirebaseDatabase */; };
		71C2660E28F6A12200ABC56E /* FirebaseFirestore in Frameworks */ = {isa = PBXBuildFile; productRef = 71C2660D28F6A12200ABC56E /* FirebaseFirestore */; };
		71C2661028F6A12200ABC56E /* FirebaseFunctions in Frameworks */ = {isa = PBXBuildFile; productRef = 71C2660F28F6A12200ABC56E /* FirebaseFunctions */; };
		71C2661228F6A12200ABC56E /* FirebaseMessaging in Frameworks */ = {isa = PBXBuildFile; productRef = 71C2661128F6A12200ABC56E /* FirebaseMessaging */; };
		71C2661428F6A12200ABC56E /* FirebaseStorage in Frameworks */ = {isa = PBXBuildFile; productRef = 71C2661328F6A12200ABC56E /* FirebaseStorage */; };
		71C2661728F6A18300ABC56E /* SDWebImage in Frameworks */ = {isa = PBXBuildFile; productRef = 71C2661628F6A18300ABC56E /* SDWebImage */; };
		71C2661A28F6A1B200ABC56E /* JGProgressHUD in Frameworks */ = {isa = PBXBuildFile; productRef = 71C2661928F6A1B200ABC56E /* JGProgressHUD */; };
		71C2661D28F6A1EB00ABC56E /* ActiveLabel in Frameworks */ = {isa = PBXBuildFile; productRef = 71C2661C28F6A1EB00ABC56E /* ActiveLabel */; };
		71C2662028F6A3DC00ABC56E /* YPImagePicker in Frameworks */ = {isa = PBXBuildFile; productRef = 71C2661F28F6A3DC00ABC56E /* YPImagePicker */; };
		71C2662228F6A5F200ABC56E /* ImageUploader.swift in Sources */ = {isa = PBXBuildFile; fileRef = 71C2662128F6A5F200ABC56E /* ImageUploader.swift */; };
		71C2662428F6A60E00ABC56E /* AuthService.swift in Sources */ = {isa = PBXBuildFile; fileRef = 71C2662328F6A60E00ABC56E /* AuthService.swift */; };
		71CA925128FAE951009D6B8B /* CommentViewModel.swift in Sources */ = {isa = PBXBuildFile; fileRef = 71CA925028FAE951009D6B8B /* CommentViewModel.swift */; };
		71CE924A28F9768600143D09 /* Post.swift in Sources */ = {isa = PBXBuildFile; fileRef = 71CE924928F9768600143D09 /* Post.swift */; };
		71CE924C28F97AD000143D09 /* PostViewModel.swift in Sources */ = {isa = PBXBuildFile; fileRef = 71CE924B28F97AD000143D09 /* PostViewModel.swift */; };
		71EE36E728F83252001F7543 /* UploadPostController.swift in Sources */ = {isa = PBXBuildFile; fileRef = 71EE36E628F83252001F7543 /* UploadPostController.swift */; };
		71EE36E928F84CAF001F7543 /* InputTextView.swift in Sources */ = {isa = PBXBuildFile; fileRef = 71EE36E828F84CAF001F7543 /* InputTextView.swift */; };
/* End PBXBuildFile section */

/* Begin PBXFileReference section */
		7111125D28FDA9B90000EE2A /* PhotosSearchModel.swift */ = {isa = PBXFileReference; lastKnownFileType = sourcecode.swift; path = PhotosSearchModel.swift; sourceTree = "<group>"; };
		7111125F28FDA9D80000EE2A /* HomePhotosCell.swift */ = {isa = PBXFileReference; lastKnownFileType = sourcecode.swift; path = HomePhotosCell.swift; sourceTree = "<group>"; };
		7111126128FDA9F40000EE2A /* ActivityIndicator.swift */ = {isa = PBXFileReference; lastKnownFileType = sourcecode.swift; path = ActivityIndicator.swift; sourceTree = "<group>"; };
		7111126328FDAA130000EE2A /* HomeViewController.swift */ = {isa = PBXFileReference; lastKnownFileType = sourcecode.swift; path = HomeViewController.swift; sourceTree = "<group>"; };
		7111126528FDAA2A0000EE2A /* HomeSearchBarDelegates.swift */ = {isa = PBXFileReference; lastKnownFileType = sourcecode.swift; path = HomeSearchBarDelegates.swift; sourceTree = "<group>"; };
		7111126728FDAA510000EE2A /* HomePhotosDataSource.swift */ = {isa = PBXFileReference; lastKnownFileType = sourcecode.swift; path = HomePhotosDataSource.swift; sourceTree = "<group>"; };
		7111126A28FDAA700000EE2A /* FlickrPhotosViewModel.swift */ = {isa = PBXFileReference; lastKnownFileType = sourcecode.swift; path = FlickrPhotosViewModel.swift; sourceTree = "<group>"; };
		7111126D28FDAA9A0000EE2A /* AppUtilities.swift */ = {isa = PBXFileReference; lastKnownFileType = sourcecode.swift; path = AppUtilities.swift; sourceTree = "<group>"; };
		7111126F28FDAAB20000EE2A /* CommonUtilities.swift */ = {isa = PBXFileReference; lastKnownFileType = sourcecode.swift; path = CommonUtilities.swift; sourceTree = "<group>"; };
		7111127128FDAAC80000EE2A /* ImageCacheManager.swift */ = {isa = PBXFileReference; lastKnownFileType = sourcecode.swift; path = ImageCacheManager.swift; sourceTree = "<group>"; };
		7111127328FDAAEA0000EE2A /* APIManager.swift */ = {isa = PBXFileReference; lastKnownFileType = sourcecode.swift; path = APIManager.swift; sourceTree = "<group>"; };
		7111127528FDAB000000EE2A /* APIConstants.swift */ = {isa = PBXFileReference; lastKnownFileType = sourcecode.swift; path = APIConstants.swift; sourceTree = "<group>"; };
		7111127728FDAB160000EE2A /* APIKeys.swift */ = {isa = PBXFileReference; lastKnownFileType = sourcecode.swift; path = APIKeys.swift; sourceTree = "<group>"; };
		7111127928FDAB2D0000EE2A /* NetworkReachability.swift */ = {isa = PBXFileReference; lastKnownFileType = sourcecode.swift; path = NetworkReachability.swift; sourceTree = "<group>"; };
		7111127B28FDAB410000EE2A /* ServerCommManager.swift */ = {isa = PBXFileReference; lastKnownFileType = sourcecode.swift; path = ServerCommManager.swift; sourceTree = "<group>"; };
		7111127D28FDAB590000EE2A /* NetworkSettings.swift */ = {isa = PBXFileReference; lastKnownFileType = sourcecode.swift; path = NetworkSettings.swift; sourceTree = "<group>"; };
		711C413D28F6071E00C850E6 /* AuthenticationViewModel.swift */ = {isa = PBXFileReference; lastKnownFileType = sourcecode.swift; path = AuthenticationViewModel.swift; sourceTree = "<group>"; };
		712349F228F6F59800E6E6BE /* UserService.swift */ = {isa = PBXFileReference; lastKnownFileType = sourcecode.swift; path = UserService.swift; sourceTree = "<group>"; };
		712349F428F6F5CF00E6E6BE /* Constants.swift */ = {isa = PBXFileReference; lastKnownFileType = sourcecode.swift; path = Constants.swift; sourceTree = "<group>"; };
		712349F628F6F78500E6E6BE /* User.swift */ = {isa = PBXFileReference; lastKnownFileType = sourcecode.swift; path = User.swift; sourceTree = "<group>"; };
		712349F828F6FB0100E6E6BE /* ProfileHeaderViewModel.swift */ = {isa = PBXFileReference; lastKnownFileType = sourcecode.swift; path = ProfileHeaderViewModel.swift; sourceTree = "<group>"; };
		71284E3C28F6D281002F0CA6 /* ProfileCell.swift */ = {isa = PBXFileReference; lastKnownFileType = sourcecode.swift; path = ProfileCell.swift; sourceTree = "<group>"; };
		71284E3E28F6D29B002F0CA6 /* ProfileHeader.swift */ = {isa = PBXFileReference; lastKnownFileType = sourcecode.swift; path = ProfileHeader.swift; sourceTree = "<group>"; };
		7130818128F5D835007F43F9 /* CustomTextField.swift */ = {isa = PBXFileReference; lastKnownFileType = sourcecode.swift; path = CustomTextField.swift; sourceTree = "<group>"; };
		713160D628FC573A004CC533 /* Notification.swift */ = {isa = PBXFileReference; lastKnownFileType = sourcecode.swift; path = Notification.swift; sourceTree = "<group>"; };
		713160D828FC5B93004CC533 /* NotificationService.swift */ = {isa = PBXFileReference; lastKnownFileType = sourcecode.swift; path = NotificationService.swift; sourceTree = "<group>"; };
		713160DA28FC68E5004CC533 /* NotificationViewModel.swift */ = {isa = PBXFileReference; lastKnownFileType = sourcecode.swift; path = NotificationViewModel.swift; sourceTree = "<group>"; };
		7145C1DB28F9CCF800B33343 /* CommentController.swift */ = {isa = PBXFileReference; lastKnownFileType = sourcecode.swift; path = CommentController.swift; sourceTree = "<group>"; };
		7145C1DD28F9CE6500B33343 /* CommentCell.swift */ = {isa = PBXFileReference; lastKnownFileType = sourcecode.swift; path = CommentCell.swift; sourceTree = "<group>"; };
		7145C1DF28F9DBFA00B33343 /* CommentinputAccesoryView.swift */ = {isa = PBXFileReference; lastKnownFileType = sourcecode.swift; path = CommentinputAccesoryView.swift; sourceTree = "<group>"; };
		71525AB928FA982300BB5E1C /* CommentService.swift */ = {isa = PBXFileReference; lastKnownFileType = sourcecode.swift; path = CommentService.swift; sourceTree = "<group>"; };
		71525ABB28FAA54E00BB5E1C /* Comment.swift */ = {isa = PBXFileReference; lastKnownFileType = sourcecode.swift; path = Comment.swift; sourceTree = "<group>"; };
		715A1A8928F8A97900AE618A /* PostService.swift */ = {isa = PBXFileReference; lastKnownFileType = sourcecode.swift; path = PostService.swift; sourceTree = "<group>"; };
		71957D8028FC3460002B39A9 /* NotificationCell.swift */ = {isa = PBXFileReference; lastKnownFileType = sourcecode.swift; path = NotificationCell.swift; sourceTree = "<group>"; };
		71A7F3F728F5846800043C2C /* Flickr App.app */ = {isa = PBXFileReference; explicitFileType = wrapper.application; includeInIndex = 0; path = "Flickr App.app"; sourceTree = BUILT_PRODUCTS_DIR; };
		71A7F3FA28F5846800043C2C /* AppDelegate.swift */ = {isa = PBXFileReference; lastKnownFileType = sourcecode.swift; path = AppDelegate.swift; sourceTree = "<group>"; };
		71A7F3FC28F5846800043C2C /* SceneDelegate.swift */ = {isa = PBXFileReference; lastKnownFileType = sourcecode.swift; path = SceneDelegate.swift; sourceTree = "<group>"; };
		71A7F40128F5846800043C2C /* Base */ = {isa = PBXFileReference; lastKnownFileType = file.storyboard; name = Base; path = Base.lproj/Main.storyboard; sourceTree = "<group>"; };
		71A7F40328F5846900043C2C /* Assets.xcassets */ = {isa = PBXFileReference; lastKnownFileType = folder.assetcatalog; path = Assets.xcassets; sourceTree = "<group>"; };
		71A7F40628F5846900043C2C /* Base */ = {isa = PBXFileReference; lastKnownFileType = file.storyboard; name = Base; path = Base.lproj/LaunchScreen.storyboard; sourceTree = "<group>"; };
		71A7F40828F5846900043C2C /* Info.plist */ = {isa = PBXFileReference; lastKnownFileType = text.plist.xml; path = Info.plist; sourceTree = "<group>"; };
		71A7F41628F5857000043C2C /* MainTabController.swift */ = {isa = PBXFileReference; lastKnownFileType = sourcecode.swift; path = MainTabController.swift; sourceTree = "<group>"; };
		71A7F41828F586BD00043C2C /* FeedController.swift */ = {isa = PBXFileReference; lastKnownFileType = sourcecode.swift; path = FeedController.swift; sourceTree = "<group>"; };
		71A7F41A28F586C900043C2C /* SearchController.swift */ = {isa = PBXFileReference; lastKnownFileType = sourcecode.swift; path = SearchController.swift; sourceTree = "<group>"; };
		71A7F41C28F586D200043C2C /* ImageSelectorController.swift */ = {isa = PBXFileReference; lastKnownFileType = sourcecode.swift; path = ImageSelectorController.swift; sourceTree = "<group>"; };
		71A7F41E28F586EF00043C2C /* NotificationController.swift */ = {isa = PBXFileReference; lastKnownFileType = sourcecode.swift; path = NotificationController.swift; sourceTree = "<group>"; };
		71A7F42028F5870900043C2C /* ProfileController.swift */ = {isa = PBXFileReference; lastKnownFileType = sourcecode.swift; path = ProfileController.swift; sourceTree = "<group>"; };
		71A7F42228F597BD00043C2C /* FeedCell.swift */ = {isa = PBXFileReference; lastKnownFileType = sourcecode.swift; path = FeedCell.swift; sourceTree = "<group>"; };
		71A7F42428F598C800043C2C /* Extensions.swift */ = {isa = PBXFileReference; lastKnownFileType = sourcecode.swift; path = Extensions.swift; sourceTree = "<group>"; };
		71A7F42928F5A8DA00043C2C /* LoginController.swift */ = {isa = PBXFileReference; lastKnownFileType = sourcecode.swift; name = LoginController.swift; path = ../../../../../../../Documents/LoginController.swift; sourceTree = "<group>"; };
		71A7F42B28F5A8E900043C2C /* RegistrationController.swift */ = {isa = PBXFileReference; lastKnownFileType = sourcecode.swift; name = RegistrationController.swift; path = ../../../../../../../Documents/RegistrationController.swift; sourceTree = "<group>"; };
		71BD5E9128F72C720010F0C7 /* UserCell.swift */ = {isa = PBXFileReference; lastKnownFileType = sourcecode.swift; path = UserCell.swift; sourceTree = "<group>"; };
		71BD5E9328F748970010F0C7 /* UserCellViewModel.swift */ = {isa = PBXFileReference; lastKnownFileType = sourcecode.swift; path = UserCellViewModel.swift; sourceTree = "<group>"; };
		71C2660628F6A00F00ABC56E /* GoogleService-Info.plist */ = {isa = PBXFileReference; lastKnownFileType = text.plist; path = "GoogleService-Info.plist"; sourceTree = SOURCE_ROOT; };
		71C2662128F6A5F200ABC56E /* ImageUploader.swift */ = {isa = PBXFileReference; lastKnownFileType = sourcecode.swift; path = ImageUploader.swift; sourceTree = "<group>"; };
		71C2662328F6A60E00ABC56E /* AuthService.swift */ = {isa = PBXFileReference; lastKnownFileType = sourcecode.swift; path = AuthService.swift; sourceTree = "<group>"; };
		71CA925028FAE951009D6B8B /* CommentViewModel.swift */ = {isa = PBXFileReference; lastKnownFileType = sourcecode.swift; path = CommentViewModel.swift; sourceTree = "<group>"; };
		71CE924928F9768600143D09 /* Post.swift */ = {isa = PBXFileReference; lastKnownFileType = sourcecode.swift; path = Post.swift; sourceTree = "<group>"; };
		71CE924B28F97AD000143D09 /* PostViewModel.swift */ = {isa = PBXFileReference; lastKnownFileType = sourcecode.swift; path = PostViewModel.swift; sourceTree = "<group>"; };
		71EE36E628F83252001F7543 /* UploadPostController.swift */ = {isa = PBXFileReference; lastKnownFileType = sourcecode.swift; path = UploadPostController.swift; sourceTree = "<group>"; };
		71EE36E828F84CAF001F7543 /* InputTextView.swift */ = {isa = PBXFileReference; lastKnownFileType = sourcecode.swift; path = InputTextView.swift; sourceTree = "<group>"; };
/* End PBXFileReference section */

/* Begin PBXFrameworksBuildPhase section */
		71A7F3F428F5846800043C2C /* Frameworks */ = {
			isa = PBXFrameworksBuildPhase;
			buildActionMask = 2147483647;
			files = (
				71C2660C28F6A12200ABC56E /* FirebaseDatabase in Frameworks */,
				71C2662028F6A3DC00ABC56E /* YPImagePicker in Frameworks */,
				71C2660A28F6A12200ABC56E /* FirebaseAuth in Frameworks */,
				71C2661228F6A12200ABC56E /* FirebaseMessaging in Frameworks */,
				71C2661728F6A18300ABC56E /* SDWebImage in Frameworks */,
				71C2661A28F6A1B200ABC56E /* JGProgressHUD in Frameworks */,
				71C2660E28F6A12200ABC56E /* FirebaseFirestore in Frameworks */,
				71C2661028F6A12200ABC56E /* FirebaseFunctions in Frameworks */,
				71C2661D28F6A1EB00ABC56E /* ActiveLabel in Frameworks */,
				713D266928F9B9E3007E6CA7 /* IQKeyboardManagerSwift in Frameworks */,
				71C2661428F6A12200ABC56E /* FirebaseStorage in Frameworks */,
			);
			runOnlyForDeploymentPostprocessing = 0;
		};
/* End PBXFrameworksBuildPhase section */

/* Begin PBXGroup section */
		7111126C28FDAA8E0000EE2A /* Flickr */ = {
			isa = PBXGroup;
			children = (
				7111126D28FDAA9A0000EE2A /* AppUtilities.swift */,
				7111126F28FDAAB20000EE2A /* CommonUtilities.swift */,
				7111127128FDAAC80000EE2A /* ImageCacheManager.swift */,
				7111127328FDAAEA0000EE2A /* APIManager.swift */,
				7111127528FDAB000000EE2A /* APIConstants.swift */,
				7111127728FDAB160000EE2A /* APIKeys.swift */,
				7111127928FDAB2D0000EE2A /* NetworkReachability.swift */,
				7111127B28FDAB410000EE2A /* ServerCommManager.swift */,
				7111127D28FDAB590000EE2A /* NetworkSettings.swift */,
			);
			path = Flickr;
			sourceTree = "<group>";
		};
		7111127F28FDAE1B0000EE2A /* Firebase */ = {
			isa = PBXGroup;
			children = (
				71C2662128F6A5F200ABC56E /* ImageUploader.swift */,
				71C2662328F6A60E00ABC56E /* AuthService.swift */,
				712349F228F6F59800E6E6BE /* UserService.swift */,
				715A1A8928F8A97900AE618A /* PostService.swift */,
				71525AB928FA982300BB5E1C /* CommentService.swift */,
				713160D828FC5B93004CC533 /* NotificationService.swift */,
			);
			path = Firebase;
			sourceTree = "<group>";
		};
		71284E3928F6CA04002F0CA6 /* Delegates */ = {
			isa = PBXGroup;
			children = (
				71A7F3FA28F5846800043C2C /* AppDelegate.swift */,
				71A7F3FC28F5846800043C2C /* SceneDelegate.swift */,
			);
			path = Delegates;
			sourceTree = "<group>";
		};
		71284E3A28F6CA1D002F0CA6 /* Storyboards */ = {
			isa = PBXGroup;
			children = (
				71A7F40028F5846800043C2C /* Main.storyboard */,
				71A7F40528F5846900043C2C /* LaunchScreen.storyboard */,
			);
			path = Storyboards;
			sourceTree = "<group>";
		};
		71284E3B28F6CA2B002F0CA6 /* Assets */ = {
			isa = PBXGroup;
			children = (
				71A7F40328F5846900043C2C /* Assets.xcassets */,
			);
			path = Assets;
			sourceTree = "<group>";
		};
		71284E4028F6D2A0002F0CA6 /* Profile */ = {
			isa = PBXGroup;
			children = (
				71284E3C28F6D281002F0CA6 /* ProfileCell.swift */,
				71284E3E28F6D29B002F0CA6 /* ProfileHeader.swift */,
			);
			path = Profile;
			sourceTree = "<group>";
		};
		71A7F3EE28F5846800043C2C = {
			isa = PBXGroup;
			children = (
				71A7F3F928F5846800043C2C /* Flickr App */,
				71A7F3F828F5846800043C2C /* Products */,
			);
			sourceTree = "<group>";
		};
		71A7F3F828F5846800043C2C /* Products */ = {
			isa = PBXGroup;
			children = (
				71A7F3F728F5846800043C2C /* Flickr App.app */,
			);
			name = Products;
			sourceTree = "<group>";
		};
		71A7F3F928F5846800043C2C /* Flickr App */ = {
			isa = PBXGroup;
			children = (
				71A7F41528F5850D00043C2C /* Utils */,
				71A7F41428F5850600043C2C /* API */,
				71A7F41328F5848200043C2C /* Model */,
				71A7F41228F5847F00043C2C /* View */,
				71A7F41128F5847C00043C2C /* ViewModel */,
				71A7F40E28F5847000043C2C /* Controller */,
				71284E3928F6CA04002F0CA6 /* Delegates */,
				71284E3A28F6CA1D002F0CA6 /* Storyboards */,
				71284E3B28F6CA2B002F0CA6 /* Assets */,
				71A7F40828F5846900043C2C /* Info.plist */,
				71C2660628F6A00F00ABC56E /* GoogleService-Info.plist */,
			);
			path = "Flickr App";
			sourceTree = "<group>";
		};
		71A7F40E28F5847000043C2C /* Controller */ = {
			isa = PBXGroup;
			children = (
				71A7F42728F5A8AB00043C2C /* Authentication */,
				71A7F41828F586BD00043C2C /* FeedController.swift */,
				71A7F41A28F586C900043C2C /* SearchController.swift */,
				71A7F41C28F586D200043C2C /* ImageSelectorController.swift */,
				71A7F41628F5857000043C2C /* MainTabController.swift */,
				71A7F41E28F586EF00043C2C /* NotificationController.swift */,
				71A7F42028F5870900043C2C /* ProfileController.swift */,
				71EE36E628F83252001F7543 /* UploadPostController.swift */,
				7145C1DB28F9CCF800B33343 /* CommentController.swift */,
				7111126328FDAA130000EE2A /* HomeViewController.swift */,
				7111126528FDAA2A0000EE2A /* HomeSearchBarDelegates.swift */,
			);
			path = Controller;
			sourceTree = "<group>";
		};
		71A7F41128F5847C00043C2C /* ViewModel */ = {
			isa = PBXGroup;
			children = (
				711C413D28F6071E00C850E6 /* AuthenticationViewModel.swift */,
				712349F828F6FB0100E6E6BE /* ProfileHeaderViewModel.swift */,
				71BD5E9328F748970010F0C7 /* UserCellViewModel.swift */,
				71CE924B28F97AD000143D09 /* PostViewModel.swift */,
				71CA925028FAE951009D6B8B /* CommentViewModel.swift */,
				713160DA28FC68E5004CC533 /* NotificationViewModel.swift */,
				7111126728FDAA510000EE2A /* HomePhotosDataSource.swift */,
				7111126A28FDAA700000EE2A /* FlickrPhotosViewModel.swift */,
			);
			path = ViewModel;
			sourceTree = "<group>";
		};
		71A7F41228F5847F00043C2C /* View */ = {
			isa = PBXGroup;
			children = (
				71284E4028F6D2A0002F0CA6 /* Profile */,
				71A7F42228F597BD00043C2C /* FeedCell.swift */,
				7130818128F5D835007F43F9 /* CustomTextField.swift */,
				71BD5E9128F72C720010F0C7 /* UserCell.swift */,
				7145C1DD28F9CE6500B33343 /* CommentCell.swift */,
				7145C1DF28F9DBFA00B33343 /* CommentinputAccesoryView.swift */,
				71957D8028FC3460002B39A9 /* NotificationCell.swift */,
				7111125F28FDA9D80000EE2A /* HomePhotosCell.swift */,
				7111126128FDA9F40000EE2A /* ActivityIndicator.swift */,
			);
			path = View;
			sourceTree = "<group>";
		};
		71A7F41328F5848200043C2C /* Model */ = {
			isa = PBXGroup;
			children = (
				712349F628F6F78500E6E6BE /* User.swift */,
				71CE924928F9768600143D09 /* Post.swift */,
				71525ABB28FAA54E00BB5E1C /* Comment.swift */,
				713160D628FC573A004CC533 /* Notification.swift */,
				7111125D28FDA9B90000EE2A /* PhotosSearchModel.swift */,
			);
			path = Model;
			sourceTree = "<group>";
		};
		71A7F41428F5850600043C2C /* API */ = {
			isa = PBXGroup;
			children = (
				7111126C28FDAA8E0000EE2A /* Flickr */,
				7111127F28FDAE1B0000EE2A /* Firebase */,
			);
			path = API;
			sourceTree = "<group>";
		};
		71A7F41528F5850D00043C2C /* Utils */ = {
			isa = PBXGroup;
			children = (
				71A7F42428F598C800043C2C /* Extensions.swift */,
				712349F428F6F5CF00E6E6BE /* Constants.swift */,
				71EE36E828F84CAF001F7543 /* InputTextView.swift */,
			);
			path = Utils;
			sourceTree = "<group>";
		};
		71A7F42728F5A8AB00043C2C /* Authentication */ = {
			isa = PBXGroup;
			children = (
				71A7F42928F5A8DA00043C2C /* LoginController.swift */,
				71A7F42B28F5A8E900043C2C /* RegistrationController.swift */,
			);
			path = Authentication;
			sourceTree = "<group>";
		};
/* End PBXGroup section */

/* Begin PBXNativeTarget section */
		71A7F3F628F5846800043C2C /* Flickr App */ = {
			isa = PBXNativeTarget;
			buildConfigurationList = 71A7F40B28F5846900043C2C /* Build configuration list for PBXNativeTarget "Flickr App" */;
			buildPhases = (
				71A7F3F328F5846800043C2C /* Sources */,
				71A7F3F428F5846800043C2C /* Frameworks */,
				71A7F3F528F5846800043C2C /* Resources */,
			);
			buildRules = (
			);
			dependencies = (
			);
			name = "Flickr App";
			packageProductDependencies = (
				71C2660928F6A12200ABC56E /* FirebaseAuth */,
				71C2660B28F6A12200ABC56E /* FirebaseDatabase */,
				71C2660D28F6A12200ABC56E /* FirebaseFirestore */,
				71C2660F28F6A12200ABC56E /* FirebaseFunctions */,
				71C2661128F6A12200ABC56E /* FirebaseMessaging */,
				71C2661328F6A12200ABC56E /* FirebaseStorage */,
				71C2661628F6A18300ABC56E /* SDWebImage */,
				71C2661928F6A1B200ABC56E /* JGProgressHUD */,
				71C2661C28F6A1EB00ABC56E /* ActiveLabel */,
				71C2661F28F6A3DC00ABC56E /* YPImagePicker */,
				713D266828F9B9E3007E6CA7 /* IQKeyboardManagerSwift */,
			);
			productName = "Flickr App";
			productReference = 71A7F3F728F5846800043C2C /* Flickr App.app */;
			productType = "com.apple.product-type.application";
		};
/* End PBXNativeTarget section */

/* Begin PBXProject section */
		71A7F3EF28F5846800043C2C /* Project object */ = {
			isa = PBXProject;
			attributes = {
				BuildIndependentTargetsInParallel = 1;
				LastSwiftUpdateCheck = 1400;
				LastUpgradeCheck = 1400;
				TargetAttributes = {
					71A7F3F628F5846800043C2C = {
						CreatedOnToolsVersion = 14.0;
					};
				};
			};
			buildConfigurationList = 71A7F3F228F5846800043C2C /* Build configuration list for PBXProject "Flickr App" */;
			compatibilityVersion = "Xcode 14.0";
			developmentRegion = en;
			hasScannedForEncodings = 0;
			knownRegions = (
				en,
				Base,
			);
			mainGroup = 71A7F3EE28F5846800043C2C;
			packageReferences = (
				71C2660828F6A12200ABC56E /* XCRemoteSwiftPackageReference "firebase-ios-sdk" */,
				71C2661528F6A18300ABC56E /* XCRemoteSwiftPackageReference "SDWebImage" */,
				71C2661828F6A1B200ABC56E /* XCRemoteSwiftPackageReference "JGProgressHUD" */,
				71C2661B28F6A1EB00ABC56E /* XCRemoteSwiftPackageReference "ActiveLabel.swift" */,
				71C2661E28F6A3DC00ABC56E /* XCRemoteSwiftPackageReference "YPImagePicker" */,
				713D266728F9B9E3007E6CA7 /* XCRemoteSwiftPackageReference "IQKeyboardManager" */,
			);
			productRefGroup = 71A7F3F828F5846800043C2C /* Products */;
			projectDirPath = "";
			projectRoot = "";
			targets = (
				71A7F3F628F5846800043C2C /* Flickr App */,
			);
		};
/* End PBXProject section */

/* Begin PBXResourcesBuildPhase section */
		71A7F3F528F5846800043C2C /* Resources */ = {
			isa = PBXResourcesBuildPhase;
			buildActionMask = 2147483647;
			files = (
				71A7F40728F5846900043C2C /* LaunchScreen.storyboard in Resources */,
				71C2660728F6A00F00ABC56E /* GoogleService-Info.plist in Resources */,
				71A7F40428F5846900043C2C /* Assets.xcassets in Resources */,
				71A7F40228F5846800043C2C /* Main.storyboard in Resources */,
			);
			runOnlyForDeploymentPostprocessing = 0;
		};
/* End PBXResourcesBuildPhase section */

/* Begin PBXSourcesBuildPhase section */
		71A7F3F328F5846800043C2C /* Sources */ = {
			isa = PBXSourcesBuildPhase;
			buildActionMask = 2147483647;
			files = (
				71284E3D28F6D281002F0CA6 /* ProfileCell.swift in Sources */,
				7130818228F5D835007F43F9 /* CustomTextField.swift in Sources */,
				7111127828FDAB160000EE2A /* APIKeys.swift in Sources */,
				7111127628FDAB000000EE2A /* APIConstants.swift in Sources */,
				713160DB28FC68E5004CC533 /* NotificationViewModel.swift in Sources */,
				71EE36E728F83252001F7543 /* UploadPostController.swift in Sources */,
				7111126228FDA9F40000EE2A /* ActivityIndicator.swift in Sources */,
				71A7F42A28F5A8DA00043C2C /* LoginController.swift in Sources */,
				71A7F42328F597BD00043C2C /* FeedCell.swift in Sources */,
				7111125E28FDA9B90000EE2A /* PhotosSearchModel.swift in Sources */,
				71525ABC28FAA54E00BB5E1C /* Comment.swift in Sources */,
				71A7F41B28F586C900043C2C /* SearchController.swift in Sources */,
				71BD5E9428F748980010F0C7 /* UserCellViewModel.swift in Sources */,
				71A7F41F28F586EF00043C2C /* NotificationController.swift in Sources */,
				7111126E28FDAA9A0000EE2A /* AppUtilities.swift in Sources */,
				711C413E28F6071E00C850E6 /* AuthenticationViewModel.swift in Sources */,
				71A7F41D28F586D200043C2C /* ImageSelectorController.swift in Sources */,
				7111127228FDAAC80000EE2A /* ImageCacheManager.swift in Sources */,
				71284E3F28F6D29B002F0CA6 /* ProfileHeader.swift in Sources */,
				7145C1DC28F9CCF800B33343 /* CommentController.swift in Sources */,
				7111127C28FDAB410000EE2A /* ServerCommManager.swift in Sources */,
				7111127E28FDAB590000EE2A /* NetworkSettings.swift in Sources */,
				71A7F3FB28F5846800043C2C /* AppDelegate.swift in Sources */,
				71A7F42128F5870900043C2C /* ProfileController.swift in Sources */,
				7111127A28FDAB2D0000EE2A /* NetworkReachability.swift in Sources */,
				71BD5E9228F72C720010F0C7 /* UserCell.swift in Sources */,
				7111126428FDAA130000EE2A /* HomeViewController.swift in Sources */,
				7111127428FDAAEA0000EE2A /* APIManager.swift in Sources */,
				7111127028FDAAB20000EE2A /* CommonUtilities.swift in Sources */,
				71A7F41928F586BD00043C2C /* FeedController.swift in Sources */,
				713160D728FC573A004CC533 /* Notification.swift in Sources */,
				7145C1E028F9DBFA00B33343 /* CommentinputAccesoryView.swift in Sources */,
				71A7F41728F5857000043C2C /* MainTabController.swift in Sources */,
				715A1A8A28F8A97900AE618A /* PostService.swift in Sources */,
				7111126628FDAA2A0000EE2A /* HomeSearchBarDelegates.swift in Sources */,
				71525ABA28FA982300BB5E1C /* CommentService.swift in Sources */,
				712349F328F6F59800E6E6BE /* UserService.swift in Sources */,
				71A7F42528F598C800043C2C /* Extensions.swift in Sources */,
				71CE924A28F9768600143D09 /* Post.swift in Sources */,
				7111126B28FDAA700000EE2A /* FlickrPhotosViewModel.swift in Sources */,
				712349F528F6F5D000E6E6BE /* Constants.swift in Sources */,
				7111126828FDAA510000EE2A /* HomePhotosDataSource.swift in Sources */,
				713160D928FC5B93004CC533 /* NotificationService.swift in Sources */,
				71C2662228F6A5F200ABC56E /* ImageUploader.swift in Sources */,
				71C2662428F6A60E00ABC56E /* AuthService.swift in Sources */,
				71A7F3FD28F5846800043C2C /* SceneDelegate.swift in Sources */,
				7111126028FDA9D80000EE2A /* HomePhotosCell.swift in Sources */,
				71957D8128FC3460002B39A9 /* NotificationCell.swift in Sources */,
				71CE924C28F97AD000143D09 /* PostViewModel.swift in Sources */,
				712349F928F6FB0100E6E6BE /* ProfileHeaderViewModel.swift in Sources */,
				7145C1DE28F9CE6500B33343 /* CommentCell.swift in Sources */,
				71A7F42C28F5A8E900043C2C /* RegistrationController.swift in Sources */,
				71EE36E928F84CAF001F7543 /* InputTextView.swift in Sources */,
				71CA925128FAE951009D6B8B /* CommentViewModel.swift in Sources */,
				712349F728F6F78500E6E6BE /* User.swift in Sources */,
			);
			runOnlyForDeploymentPostprocessing = 0;
		};
/* End PBXSourcesBuildPhase section */

/* Begin PBXVariantGroup section */
		71A7F40028F5846800043C2C /* Main.storyboard */ = {
			isa = PBXVariantGroup;
			children = (
				71A7F40128F5846800043C2C /* Base */,
			);
			name = Main.storyboard;
			sourceTree = "<group>";
		};
		71A7F40528F5846900043C2C /* LaunchScreen.storyboard */ = {
			isa = PBXVariantGroup;
			children = (
				71A7F40628F5846900043C2C /* Base */,
			);
			name = LaunchScreen.storyboard;
			sourceTree = "<group>";
		};
/* End PBXVariantGroup section */

/* Begin XCBuildConfiguration section */
		71A7F40928F5846900043C2C /* Debug */ = {
			isa = XCBuildConfiguration;
			buildSettings = {
				ALWAYS_SEARCH_USER_PATHS = NO;
				CLANG_ANALYZER_NONNULL = YES;
				CLANG_ANALYZER_NUMBER_OBJECT_CONVERSION = YES_AGGRESSIVE;
				CLANG_CXX_LANGUAGE_STANDARD = "gnu++20";
				CLANG_ENABLE_MODULES = YES;
				CLANG_ENABLE_OBJC_ARC = YES;
				CLANG_ENABLE_OBJC_WEAK = YES;
				CLANG_WARN_BLOCK_CAPTURE_AUTORELEASING = YES;
				CLANG_WARN_BOOL_CONVERSION = YES;
				CLANG_WARN_COMMA = YES;
				CLANG_WARN_CONSTANT_CONVERSION = YES;
				CLANG_WARN_DEPRECATED_OBJC_IMPLEMENTATIONS = YES;
				CLANG_WARN_DIRECT_OBJC_ISA_USAGE = YES_ERROR;
				CLANG_WARN_DOCUMENTATION_COMMENTS = YES;
				CLANG_WARN_EMPTY_BODY = YES;
				CLANG_WARN_ENUM_CONVERSION = YES;
				CLANG_WARN_INFINITE_RECURSION = YES;
				CLANG_WARN_INT_CONVERSION = YES;
				CLANG_WARN_NON_LITERAL_NULL_CONVERSION = YES;
				CLANG_WARN_OBJC_IMPLICIT_RETAIN_SELF = YES;
				CLANG_WARN_OBJC_LITERAL_CONVERSION = YES;
				CLANG_WARN_OBJC_ROOT_CLASS = YES_ERROR;
				CLANG_WARN_QUOTED_INCLUDE_IN_FRAMEWORK_HEADER = YES;
				CLANG_WARN_RANGE_LOOP_ANALYSIS = YES;
				CLANG_WARN_STRICT_PROTOTYPES = YES;
				CLANG_WARN_SUSPICIOUS_MOVE = YES;
				CLANG_WARN_UNGUARDED_AVAILABILITY = YES_AGGRESSIVE;
				CLANG_WARN_UNREACHABLE_CODE = YES;
				CLANG_WARN__DUPLICATE_METHOD_MATCH = YES;
				COPY_PHASE_STRIP = NO;
				DEBUG_INFORMATION_FORMAT = dwarf;
				ENABLE_STRICT_OBJC_MSGSEND = YES;
				ENABLE_TESTABILITY = YES;
				GCC_C_LANGUAGE_STANDARD = gnu11;
				GCC_DYNAMIC_NO_PIC = NO;
				GCC_NO_COMMON_BLOCKS = YES;
				GCC_OPTIMIZATION_LEVEL = 0;
				GCC_PREPROCESSOR_DEFINITIONS = (
					"DEBUG=1",
					"$(inherited)",
				);
				GCC_WARN_64_TO_32_BIT_CONVERSION = YES;
				GCC_WARN_ABOUT_RETURN_TYPE = YES_ERROR;
				GCC_WARN_UNDECLARED_SELECTOR = YES;
				GCC_WARN_UNINITIALIZED_AUTOS = YES_AGGRESSIVE;
				GCC_WARN_UNUSED_FUNCTION = YES;
				GCC_WARN_UNUSED_VARIABLE = YES;
				IPHONEOS_DEPLOYMENT_TARGET = 13.0;
				MTL_ENABLE_DEBUG_INFO = INCLUDE_SOURCE;
				MTL_FAST_MATH = YES;
				ONLY_ACTIVE_ARCH = YES;
				SDKROOT = iphoneos;
				SWIFT_ACTIVE_COMPILATION_CONDITIONS = DEBUG;
				SWIFT_OPTIMIZATION_LEVEL = "-Onone";
			};
			name = Debug;
		};
		71A7F40A28F5846900043C2C /* Release */ = {
			isa = XCBuildConfiguration;
			buildSettings = {
				ALWAYS_SEARCH_USER_PATHS = NO;
				CLANG_ANALYZER_NONNULL = YES;
				CLANG_ANALYZER_NUMBER_OBJECT_CONVERSION = YES_AGGRESSIVE;
				CLANG_CXX_LANGUAGE_STANDARD = "gnu++20";
				CLANG_ENABLE_MODULES = YES;
				CLANG_ENABLE_OBJC_ARC = YES;
				CLANG_ENABLE_OBJC_WEAK = YES;
				CLANG_WARN_BLOCK_CAPTURE_AUTORELEASING = YES;
				CLANG_WARN_BOOL_CONVERSION = YES;
				CLANG_WARN_COMMA = YES;
				CLANG_WARN_CONSTANT_CONVERSION = YES;
				CLANG_WARN_DEPRECATED_OBJC_IMPLEMENTATIONS = YES;
				CLANG_WARN_DIRECT_OBJC_ISA_USAGE = YES_ERROR;
				CLANG_WARN_DOCUMENTATION_COMMENTS = YES;
				CLANG_WARN_EMPTY_BODY = YES;
				CLANG_WARN_ENUM_CONVERSION = YES;
				CLANG_WARN_INFINITE_RECURSION = YES;
				CLANG_WARN_INT_CONVERSION = YES;
				CLANG_WARN_NON_LITERAL_NULL_CONVERSION = YES;
				CLANG_WARN_OBJC_IMPLICIT_RETAIN_SELF = YES;
				CLANG_WARN_OBJC_LITERAL_CONVERSION = YES;
				CLANG_WARN_OBJC_ROOT_CLASS = YES_ERROR;
				CLANG_WARN_QUOTED_INCLUDE_IN_FRAMEWORK_HEADER = YES;
				CLANG_WARN_RANGE_LOOP_ANALYSIS = YES;
				CLANG_WARN_STRICT_PROTOTYPES = YES;
				CLANG_WARN_SUSPICIOUS_MOVE = YES;
				CLANG_WARN_UNGUARDED_AVAILABILITY = YES_AGGRESSIVE;
				CLANG_WARN_UNREACHABLE_CODE = YES;
				CLANG_WARN__DUPLICATE_METHOD_MATCH = YES;
				COPY_PHASE_STRIP = NO;
				DEBUG_INFORMATION_FORMAT = "dwarf-with-dsym";
				ENABLE_NS_ASSERTIONS = NO;
				ENABLE_STRICT_OBJC_MSGSEND = YES;
				GCC_C_LANGUAGE_STANDARD = gnu11;
				GCC_NO_COMMON_BLOCKS = YES;
				GCC_WARN_64_TO_32_BIT_CONVERSION = YES;
				GCC_WARN_ABOUT_RETURN_TYPE = YES_ERROR;
				GCC_WARN_UNDECLARED_SELECTOR = YES;
				GCC_WARN_UNINITIALIZED_AUTOS = YES_AGGRESSIVE;
				GCC_WARN_UNUSED_FUNCTION = YES;
				GCC_WARN_UNUSED_VARIABLE = YES;
				IPHONEOS_DEPLOYMENT_TARGET = 13.0;
				MTL_ENABLE_DEBUG_INFO = NO;
				MTL_FAST_MATH = YES;
				SDKROOT = iphoneos;
				SWIFT_COMPILATION_MODE = wholemodule;
				SWIFT_OPTIMIZATION_LEVEL = "-O";
				VALIDATE_PRODUCT = YES;
			};
			name = Release;
		};
		71A7F40C28F5846900043C2C /* Debug */ = {
			isa = XCBuildConfiguration;
			buildSettings = {
				ASSETCATALOG_COMPILER_APPICON_NAME = AppIcon;
				ASSETCATALOG_COMPILER_GLOBAL_ACCENT_COLOR_NAME = AccentColor;
				CODE_SIGN_STYLE = Automatic;
				CURRENT_PROJECT_VERSION = 1;
				DEVELOPMENT_TEAM = FAHJ57W2W9;
				GENERATE_INFOPLIST_FILE = YES;
				INFOPLIST_FILE = "Flickr App/Info.plist";
				INFOPLIST_KEY_UIApplicationSupportsIndirectInputEvents = YES;
				INFOPLIST_KEY_UILaunchStoryboardName = LaunchScreen;
				INFOPLIST_KEY_UIMainStoryboardFile = Main;
				INFOPLIST_KEY_UISupportedInterfaceOrientations_iPad = "UIInterfaceOrientationPortrait UIInterfaceOrientationPortraitUpsideDown UIInterfaceOrientationLandscapeLeft UIInterfaceOrientationLandscapeRight";
				INFOPLIST_KEY_UISupportedInterfaceOrientations_iPhone = "UIInterfaceOrientationPortrait UIInterfaceOrientationLandscapeLeft UIInterfaceOrientationLandscapeRight";
				LD_RUNPATH_SEARCH_PATHS = (
					"$(inherited)",
					"@executable_path/Frameworks",
				);
				MARKETING_VERSION = 1.0;
				PRODUCT_BUNDLE_IDENTIFIER = "com.oguzhankin.Flickr-App";
				PRODUCT_NAME = "$(TARGET_NAME)";
				SWIFT_EMIT_LOC_STRINGS = YES;
				SWIFT_VERSION = 5.0;
				TARGETED_DEVICE_FAMILY = "1,2";
			};
			name = Debug;
		};
		71A7F40D28F5846900043C2C /* Release */ = {
			isa = XCBuildConfiguration;
			buildSettings = {
				ASSETCATALOG_COMPILER_APPICON_NAME = AppIcon;
				ASSETCATALOG_COMPILER_GLOBAL_ACCENT_COLOR_NAME = AccentColor;
				CODE_SIGN_STYLE = Automatic;
				CURRENT_PROJECT_VERSION = 1;
				DEVELOPMENT_TEAM = FAHJ57W2W9;
				GENERATE_INFOPLIST_FILE = YES;
				INFOPLIST_FILE = "Flickr App/Info.plist";
				INFOPLIST_KEY_UIApplicationSupportsIndirectInputEvents = YES;
				INFOPLIST_KEY_UILaunchStoryboardName = LaunchScreen;
				INFOPLIST_KEY_UIMainStoryboardFile = Main;
				INFOPLIST_KEY_UISupportedInterfaceOrientations_iPad = "UIInterfaceOrientationPortrait UIInterfaceOrientationPortraitUpsideDown UIInterfaceOrientationLandscapeLeft UIInterfaceOrientationLandscapeRight";
				INFOPLIST_KEY_UISupportedInterfaceOrientations_iPhone = "UIInterfaceOrientationPortrait UIInterfaceOrientationLandscapeLeft UIInterfaceOrientationLandscapeRight";
				LD_RUNPATH_SEARCH_PATHS = (
					"$(inherited)",
					"@executable_path/Frameworks",
				);
				MARKETING_VERSION = 1.0;
				PRODUCT_BUNDLE_IDENTIFIER = "com.oguzhankin.Flickr-App";
				PRODUCT_NAME = "$(TARGET_NAME)";
				SWIFT_EMIT_LOC_STRINGS = YES;
				SWIFT_VERSION = 5.0;
				TARGETED_DEVICE_FAMILY = "1,2";
			};
			name = Release;
		};
/* End XCBuildConfiguration section */

/* Begin XCConfigurationList section */
		71A7F3F228F5846800043C2C /* Build configuration list for PBXProject "Flickr App" */ = {
			isa = XCConfigurationList;
			buildConfigurations = (
				71A7F40928F5846900043C2C /* Debug */,
				71A7F40A28F5846900043C2C /* Release */,
			);
			defaultConfigurationIsVisible = 0;
			defaultConfigurationName = Release;
		};
		71A7F40B28F5846900043C2C /* Build configuration list for PBXNativeTarget "Flickr App" */ = {
			isa = XCConfigurationList;
			buildConfigurations = (
				71A7F40C28F5846900043C2C /* Debug */,
				71A7F40D28F5846900043C2C /* Release */,
			);
			defaultConfigurationIsVisible = 0;
			defaultConfigurationName = Release;
		};
/* End XCConfigurationList section */

/* Begin XCRemoteSwiftPackageReference section */
		713D266728F9B9E3007E6CA7 /* XCRemoteSwiftPackageReference "IQKeyboardManager" */ = {
			isa = XCRemoteSwiftPackageReference;
			repositoryURL = "https://github.com/hackiftekhar/IQKeyboardManager.git";
			requirement = {
				branch = master;
				kind = branch;
			};
		};
		71C2660828F6A12200ABC56E /* XCRemoteSwiftPackageReference "firebase-ios-sdk" */ = {
			isa = XCRemoteSwiftPackageReference;
			repositoryURL = "https://github.com/firebase/firebase-ios-sdk.git";
			requirement = {
				branch = master;
				kind = branch;
			};
		};
		71C2661528F6A18300ABC56E /* XCRemoteSwiftPackageReference "SDWebImage" */ = {
			isa = XCRemoteSwiftPackageReference;
			repositoryURL = "https://github.com/SDWebImage/SDWebImage.git";
			requirement = {
				branch = master;
				kind = branch;
			};
		};
		71C2661828F6A1B200ABC56E /* XCRemoteSwiftPackageReference "JGProgressHUD" */ = {
			isa = XCRemoteSwiftPackageReference;
			repositoryURL = "https://github.com/JonasGessner/JGProgressHUD.git";
			requirement = {
				kind = upToNextMajorVersion;
				minimumVersion = 2.0.0;
			};
		};
		71C2661B28F6A1EB00ABC56E /* XCRemoteSwiftPackageReference "ActiveLabel.swift" */ = {
			isa = XCRemoteSwiftPackageReference;
			repositoryURL = "https://github.com/optonaut/ActiveLabel.swift.git";
			requirement = {
				kind = upToNextMajorVersion;
				minimumVersion = 1.0.0;
			};
		};
		71C2661E28F6A3DC00ABC56E /* XCRemoteSwiftPackageReference "YPImagePicker" */ = {
			isa = XCRemoteSwiftPackageReference;
			repositoryURL = "https://github.com/Yummypets/YPImagePicker.git";
			requirement = {
				kind = upToNextMajorVersion;
				minimumVersion = 5.0.0;
			};
		};
/* End XCRemoteSwiftPackageReference section */

/* Begin XCSwiftPackageProductDependency section */
		713D266828F9B9E3007E6CA7 /* IQKeyboardManagerSwift */ = {
			isa = XCSwiftPackageProductDependency;
			package = 713D266728F9B9E3007E6CA7 /* XCRemoteSwiftPackageReference "IQKeyboardManager" */;
			productName = IQKeyboardManagerSwift;
		};
		71C2660928F6A12200ABC56E /* FirebaseAuth */ = {
			isa = XCSwiftPackageProductDependency;
			package = 71C2660828F6A12200ABC56E /* XCRemoteSwiftPackageReference "firebase-ios-sdk" */;
			productName = FirebaseAuth;
		};
		71C2660B28F6A12200ABC56E /* FirebaseDatabase */ = {
			isa = XCSwiftPackageProductDependency;
			package = 71C2660828F6A12200ABC56E /* XCRemoteSwiftPackageReference "firebase-ios-sdk" */;
			productName = FirebaseDatabase;
		};
		71C2660D28F6A12200ABC56E /* FirebaseFirestore */ = {
			isa = XCSwiftPackageProductDependency;
			package = 71C2660828F6A12200ABC56E /* XCRemoteSwiftPackageReference "firebase-ios-sdk" */;
			productName = FirebaseFirestore;
		};
		71C2660F28F6A12200ABC56E /* FirebaseFunctions */ = {
			isa = XCSwiftPackageProductDependency;
			package = 71C2660828F6A12200ABC56E /* XCRemoteSwiftPackageReference "firebase-ios-sdk" */;
			productName = FirebaseFunctions;
		};
		71C2661128F6A12200ABC56E /* FirebaseMessaging */ = {
			isa = XCSwiftPackageProductDependency;
			package = 71C2660828F6A12200ABC56E /* XCRemoteSwiftPackageReference "firebase-ios-sdk" */;
			productName = FirebaseMessaging;
		};
		71C2661328F6A12200ABC56E /* FirebaseStorage */ = {
			isa = XCSwiftPackageProductDependency;
			package = 71C2660828F6A12200ABC56E /* XCRemoteSwiftPackageReference "firebase-ios-sdk" */;
			productName = FirebaseStorage;
		};
		71C2661628F6A18300ABC56E /* SDWebImage */ = {
			isa = XCSwiftPackageProductDependency;
			package = 71C2661528F6A18300ABC56E /* XCRemoteSwiftPackageReference "SDWebImage" */;
			productName = SDWebImage;
		};
		71C2661928F6A1B200ABC56E /* JGProgressHUD */ = {
			isa = XCSwiftPackageProductDependency;
			package = 71C2661828F6A1B200ABC56E /* XCRemoteSwiftPackageReference "JGProgressHUD" */;
			productName = JGProgressHUD;
		};
		71C2661C28F6A1EB00ABC56E /* ActiveLabel */ = {
			isa = XCSwiftPackageProductDependency;
			package = 71C2661B28F6A1EB00ABC56E /* XCRemoteSwiftPackageReference "ActiveLabel.swift" */;
			productName = ActiveLabel;
		};
		71C2661F28F6A3DC00ABC56E /* YPImagePicker */ = {
			isa = XCSwiftPackageProductDependency;
			package = 71C2661E28F6A3DC00ABC56E /* XCRemoteSwiftPackageReference "YPImagePicker" */;
			productName = YPImagePicker;
		};
/* End XCSwiftPackageProductDependency section */
	};
	rootObject = 71A7F3EF28F5846800043C2C /* Project object */;
}
