// !$*UTF8*$!
{
	archiveVersion = 1;
	classes = {
	};
	objectVersion = 56;
	objects = {

/* Begin PBXBuildFile section */
		711C413E28F6071E00C850E6 /* AuthenticationViewModel.swift in Sources */ = {isa = PBXBuildFile; fileRef = 711C413D28F6071E00C850E6 /* AuthenticationViewModel.swift */; };
		71284E3D28F6D281002F0CA6 /* ProfileCell.swift in Sources */ = {isa = PBXBuildFile; fileRef = 71284E3C28F6D281002F0CA6 /* ProfileCell.swift */; };
		71284E3F28F6D29B002F0CA6 /* ProfileHeader.swift in Sources */ = {isa = PBXBuildFile; fileRef = 71284E3E28F6D29B002F0CA6 /* ProfileHeader.swift */; };
		7130818228F5D835007F43F9 /* CustomTextField.swift in Sources */ = {isa = PBXBuildFile; fileRef = 7130818128F5D835007F43F9 /* CustomTextField.swift */; };
		71A7F3FB28F5846800043C2C /* AppDelegate.swift in Sources */ = {isa = PBXBuildFile; fileRef = 71A7F3FA28F5846800043C2C /* AppDelegate.swift */; };
		71A7F3FD28F5846800043C2C /* SceneDelegate.swift in Sources */ = {isa = PBXBuildFile; fileRef = 71A7F3FC28F5846800043C2C /* SceneDelegate.swift */; };
		71A7F40228F5846800043C2C /* Main.storyboard in Resources */ = {isa = PBXBuildFile; fileRef = 71A7F40028F5846800043C2C /* Main.storyboard */; };
		71A7F40428F5846900043C2C /* Assets.xcassets in Resources */ = {isa = PBXBuildFile; fileRef = 71A7F40328F5846900043C2C /* Assets.xcassets */; };
		71A7F40728F5846900043C2C /* LaunchScreen.storyboard in Resources */ = {isa = PBXBuildFile; fileRef = 71A7F40528F5846900043C2C /* LaunchScreen.storyboard */; };
		71A7F41728F5857000043C2C /* MainTabController.swift in Sources */ = {isa = PBXBuildFile; fileRef = 71A7F41628F5857000043C2C /* MainTabController.swift */; };
		71A7F41928F586BD00043C2C /* FeedController.swift in Sources */ = {isa = PBXBuildFile; fileRef = 71A7F41828F586BD00043C2C /* FeedController.swift */; };
		71A7F41B28F586C900043C2C /* SearchController.swift in Sources */ = {isa = PBXBuildFile; fileRef = 71A7F41A28F586C900043C2C /* SearchController.swift */; };
		71A7F41D28F586D200043C2C /* ImageSelectorController.swift in Sources */ = {isa = PBXBuildFile; fileRef = 71A7F41C28F586D200043C2C /* ImageSelectorController.swift */; };
		71A7F41F28F586EF00043C2C /* NotificationController.swift in Sources */ = {isa = PBXBuildFile; fileRef = 71A7F41E28F586EF00043C2C /* NotificationController.swift */; };
		71A7F42128F5870900043C2C /* ProfileController.swift in Sources */ = {isa = PBXBuildFile; fileRef = 71A7F42028F5870900043C2C /* ProfileController.swift */; };
		71A7F42328F597BD00043C2C /* FeedCell.swift in Sources */ = {isa = PBXBuildFile; fileRef = 71A7F42228F597BD00043C2C /* FeedCell.swift */; };
		71A7F42528F598C800043C2C /* Extensions.swift in Sources */ = {isa = PBXBuildFile; fileRef = 71A7F42428F598C800043C2C /* Extensions.swift */; };
		71A7F42A28F5A8DA00043C2C /* LoginController.swift in Sources */ = {isa = PBXBuildFile; fileRef = 71A7F42928F5A8DA00043C2C /* LoginController.swift */; };
		71A7F42C28F5A8E900043C2C /* RegistrationController.swift in Sources */ = {isa = PBXBuildFile; fileRef = 71A7F42B28F5A8E900043C2C /* RegistrationController.swift */; };
		71C2660728F6A00F00ABC56E /* GoogleService-Info.plist in Resources */ = {isa = PBXBuildFile; fileRef = 71C2660628F6A00F00ABC56E /* GoogleService-Info.plist */; };
		71C2660A28F6A12200ABC56E /* FirebaseAuth in Frameworks */ = {isa = PBXBuildFile; productRef = 71C2660928F6A12200ABC56E /* FirebaseAuth */; };
		71C2660C28F6A12200ABC56E /* FirebaseDatabase in Frameworks */ = {isa = PBXBuildFile; productRef = 71C2660B28F6A12200ABC56E /* FirebaseDatabase */; };
		71C2660E28F6A12200ABC56E /* FirebaseFirestore in Frameworks */ = {isa = PBXBuildFile; productRef = 71C2660D28F6A12200ABC56E /* FirebaseFirestore */; };
		71C2661028F6A12200ABC56E /* FirebaseFunctions in Frameworks */ = {isa = PBXBuildFile; productRef = 71C2660F28F6A12200ABC56E /* FirebaseFunctions */; };
		71C2661228F6A12200ABC56E /* FirebaseMessaging in Frameworks */ = {isa = PBXBuildFile; productRef = 71C2661128F6A12200ABC56E /* FirebaseMessaging */; };
		71C2661428F6A12200ABC56E /* FirebaseStorage in Frameworks */ = {isa = PBXBuildFile; productRef = 71C2661328F6A12200ABC56E /* FirebaseStorage */; };
		71C2661728F6A18300ABC56E /* SDWebImage in Frameworks */ = {isa = PBXBuildFile; productRef = 71C2661628F6A18300ABC56E /* SDWebImage */; };
		71C2661A28F6A1B200ABC56E /* JGProgressHUD in Frameworks */ = {isa = PBXBuildFile; productRef = 71C2661928F6A1B200ABC56E /* JGProgressHUD */; };
		71C2661D28F6A1EB00ABC56E /* ActiveLabel in Frameworks */ = {isa = PBXBuildFile; productRef = 71C2661C28F6A1EB00ABC56E /* ActiveLabel */; };
		71C2662028F6A3DC00ABC56E /* YPImagePicker in Frameworks */ = {isa = PBXBuildFile; productRef = 71C2661F28F6A3DC00ABC56E /* YPImagePicker */; };
		71C2662228F6A5F200ABC56E /* ImageUploader.swift in Sources */ = {isa = PBXBuildFile; fileRef = 71C2662128F6A5F200ABC56E /* ImageUploader.swift */; };
		71C2662428F6A60E00ABC56E /* AuthService.swift in Sources */ = {isa = PBXBuildFile; fileRef = 71C2662328F6A60E00ABC56E /* AuthService.swift */; };
/* End PBXBuildFile section */

/* Begin PBXFileReference section */
		711C413D28F6071E00C850E6 /* AuthenticationViewModel.swift */ = {isa = PBXFileReference; lastKnownFileType = sourcecode.swift; path = AuthenticationViewModel.swift; sourceTree = "<group>"; };
		71284E3C28F6D281002F0CA6 /* ProfileCell.swift */ = {isa = PBXFileReference; lastKnownFileType = sourcecode.swift; path = ProfileCell.swift; sourceTree = "<group>"; };
		71284E3E28F6D29B002F0CA6 /* ProfileHeader.swift */ = {isa = PBXFileReference; lastKnownFileType = sourcecode.swift; path = ProfileHeader.swift; sourceTree = "<group>"; };
		7130818128F5D835007F43F9 /* CustomTextField.swift */ = {isa = PBXFileReference; lastKnownFileType = sourcecode.swift; path = CustomTextField.swift; sourceTree = "<group>"; };
		71A7F3F728F5846800043C2C /* Flickr App.app */ = {isa = PBXFileReference; explicitFileType = wrapper.application; includeInIndex = 0; path = "Flickr App.app"; sourceTree = BUILT_PRODUCTS_DIR; };
		71A7F3FA28F5846800043C2C /* AppDelegate.swift */ = {isa = PBXFileReference; lastKnownFileType = sourcecode.swift; path = AppDelegate.swift; sourceTree = "<group>"; };
		71A7F3FC28F5846800043C2C /* SceneDelegate.swift */ = {isa = PBXFileReference; lastKnownFileType = sourcecode.swift; path = SceneDelegate.swift; sourceTree = "<group>"; };
		71A7F40128F5846800043C2C /* Base */ = {isa = PBXFileReference; lastKnownFileType = file.storyboard; name = Base; path = Base.lproj/Main.storyboard; sourceTree = "<group>"; };
		71A7F40328F5846900043C2C /* Assets.xcassets */ = {isa = PBXFileReference; lastKnownFileType = folder.assetcatalog; path = Assets.xcassets; sourceTree = "<group>"; };
		71A7F40628F5846900043C2C /* Base */ = {isa = PBXFileReference; lastKnownFileType = file.storyboard; name = Base; path = Base.lproj/LaunchScreen.storyboard; sourceTree = "<group>"; };
		71A7F40828F5846900043C2C /* Info.plist */ = {isa = PBXFileReference; lastKnownFileType = text.plist.xml; path = Info.plist; sourceTree = "<group>"; };
		71A7F41628F5857000043C2C /* MainTabController.swift */ = {isa = PBXFileReference; lastKnownFileType = sourcecode.swift; path = MainTabController.swift; sourceTree = "<group>"; };
		71A7F41828F586BD00043C2C /* FeedController.swift */ = {isa = PBXFileReference; lastKnownFileType = sourcecode.swift; path = FeedController.swift; sourceTree = "<group>"; };
		71A7F41A28F586C900043C2C /* SearchController.swift */ = {isa = PBXFileReference; lastKnownFileType = sourcecode.swift; path = SearchController.swift; sourceTree = "<group>"; };
		71A7F41C28F586D200043C2C /* ImageSelectorController.swift */ = {isa = PBXFileReference; lastKnownFileType = sourcecode.swift; path = ImageSelectorController.swift; sourceTree = "<group>"; };
		71A7F41E28F586EF00043C2C /* NotificationController.swift */ = {isa = PBXFileReference; lastKnownFileType = sourcecode.swift; path = NotificationController.swift; sourceTree = "<group>"; };
		71A7F42028F5870900043C2C /* ProfileController.swift */ = {isa = PBXFileReference; lastKnownFileType = sourcecode.swift; path = ProfileController.swift; sourceTree = "<group>"; };
		71A7F42228F597BD00043C2C /* FeedCell.swift */ = {isa = PBXFileReference; lastKnownFileType = sourcecode.swift; path = FeedCell.swift; sourceTree = "<group>"; };
		71A7F42428F598C800043C2C /* Extensions.swift */ = {isa = PBXFileReference; lastKnownFileType = sourcecode.swift; path = Extensions.swift; sourceTree = "<group>"; };
		71A7F42928F5A8DA00043C2C /* LoginController.swift */ = {isa = PBXFileReference; lastKnownFileType = sourcecode.swift; name = LoginController.swift; path = ../../../../../../../Documents/LoginController.swift; sourceTree = "<group>"; };
		71A7F42B28F5A8E900043C2C /* RegistrationController.swift */ = {isa = PBXFileReference; lastKnownFileType = sourcecode.swift; name = RegistrationController.swift; path = ../../../../../../../Documents/RegistrationController.swift; sourceTree = "<group>"; };
		71C2660628F6A00F00ABC56E /* GoogleService-Info.plist */ = {isa = PBXFileReference; lastKnownFileType = text.plist; path = "GoogleService-Info.plist"; sourceTree = SOURCE_ROOT; };
		71C2662128F6A5F200ABC56E /* ImageUploader.swift */ = {isa = PBXFileReference; lastKnownFileType = sourcecode.swift; path = ImageUploader.swift; sourceTree = "<group>"; };
		71C2662328F6A60E00ABC56E /* AuthService.swift */ = {isa = PBXFileReference; lastKnownFileType = sourcecode.swift; path = AuthService.swift; sourceTree = "<group>"; };
/* End PBXFileReference section */

/* Begin PBXFrameworksBuildPhase section */
		71A7F3F428F5846800043C2C /* Frameworks */ = {
			isa = PBXFrameworksBuildPhase;
			buildActionMask = 2147483647;
			files = (
				71C2660C28F6A12200ABC56E /* FirebaseDatabase in Frameworks */,
				71C2662028F6A3DC00ABC56E /* YPImagePicker in Frameworks */,
				71C2660A28F6A12200ABC56E /* FirebaseAuth in Frameworks */,
				71C2661228F6A12200ABC56E /* FirebaseMessaging in Frameworks */,
				71C2661728F6A18300ABC56E /* SDWebImage in Frameworks */,
				71C2661A28F6A1B200ABC56E /* JGProgressHUD in Frameworks */,
				71C2660E28F6A12200ABC56E /* FirebaseFirestore in Frameworks */,
				71C2661028F6A12200ABC56E /* FirebaseFunctions in Frameworks */,
				71C2661D28F6A1EB00ABC56E /* ActiveLabel in Frameworks */,
				71C2661428F6A12200ABC56E /* FirebaseStorage in Frameworks */,
			);
			runOnlyForDeploymentPostprocessing = 0;
		};
/* End PBXFrameworksBuildPhase section */

/* Begin PBXGroup section */
		71284E3928F6CA04002F0CA6 /* Delegates */ = {
			isa = PBXGroup;
			children = (
				71A7F3FA28F5846800043C2C /* AppDelegate.swift */,
				71A7F3FC28F5846800043C2C /* SceneDelegate.swift */,
			);
			path = Delegates;
			sourceTree = "<group>";
		};
		71284E3A28F6CA1D002F0CA6 /* Storyboards */ = {
			isa = PBXGroup;
			children = (
				71A7F40028F5846800043C2C /* Main.storyboard */,
				71A7F40528F5846900043C2C /* LaunchScreen.storyboard */,
			);
			path = Storyboards;
			sourceTree = "<group>";
		};
		71284E3B28F6CA2B002F0CA6 /* Assets */ = {
			isa = PBXGroup;
			children = (
				71A7F40328F5846900043C2C /* Assets.xcassets */,
			);
			path = Assets;
			sourceTree = "<group>";
		};
		71284E4028F6D2A0002F0CA6 /* Profile */ = {
			isa = PBXGroup;
			children = (
				71284E3C28F6D281002F0CA6 /* ProfileCell.swift */,
				71284E3E28F6D29B002F0CA6 /* ProfileHeader.swift */,
			);
			path = Profile;
			sourceTree = "<group>";
		};
		71A7F3EE28F5846800043C2C = {
			isa = PBXGroup;
			children = (
				71A7F3F928F5846800043C2C /* Flickr App */,
				71A7F3F828F5846800043C2C /* Products */,
			);
			sourceTree = "<group>";
		};
		71A7F3F828F5846800043C2C /* Products */ = {
			isa = PBXGroup;
			children = (
				71A7F3F728F5846800043C2C /* Flickr App.app */,
			);
			name = Products;
			sourceTree = "<group>";
		};
		71A7F3F928F5846800043C2C /* Flickr App */ = {
			isa = PBXGroup;
			children = (
				71A7F41528F5850D00043C2C /* Utils */,
				71A7F41428F5850600043C2C /* API */,
				71A7F41328F5848200043C2C /* Model */,
				71A7F41228F5847F00043C2C /* View */,
				71A7F41128F5847C00043C2C /* ViewModel */,
				71A7F40E28F5847000043C2C /* Controller */,
				71284E3928F6CA04002F0CA6 /* Delegates */,
				71284E3A28F6CA1D002F0CA6 /* Storyboards */,
				71284E3B28F6CA2B002F0CA6 /* Assets */,
				71A7F40828F5846900043C2C /* Info.plist */,
				71C2660628F6A00F00ABC56E /* GoogleService-Info.plist */,
			);
			path = "Flickr App";
			sourceTree = "<group>";
		};
		71A7F40E28F5847000043C2C /* Controller */ = {
			isa = PBXGroup;
			children = (
				71A7F42728F5A8AB00043C2C /* Authentication */,
				71A7F41628F5857000043C2C /* MainTabController.swift */,
				71A7F41828F586BD00043C2C /* FeedController.swift */,
				71A7F41A28F586C900043C2C /* SearchController.swift */,
				71A7F41C28F586D200043C2C /* ImageSelectorController.swift */,
				71A7F41E28F586EF00043C2C /* NotificationController.swift */,
				71A7F42028F5870900043C2C /* ProfileController.swift */,
			);
			path = Controller;
			sourceTree = "<group>";
		};
		71A7F41128F5847C00043C2C /* ViewModel */ = {
			isa = PBXGroup;
			children = (
				711C413D28F6071E00C850E6 /* AuthenticationViewModel.swift */,
			);
			path = ViewModel;
			sourceTree = "<group>";
		};
		71A7F41228F5847F00043C2C /* View */ = {
			isa = PBXGroup;
			children = (
				71284E4028F6D2A0002F0CA6 /* Profile */,
				71A7F42228F597BD00043C2C /* FeedCell.swift */,
				7130818128F5D835007F43F9 /* CustomTextField.swift */,
			);
			path = View;
			sourceTree = "<group>";
		};
		71A7F41328F5848200043C2C /* Model */ = {
			isa = PBXGroup;
			children = (
			);
			path = Model;
			sourceTree = "<group>";
		};
		71A7F41428F5850600043C2C /* API */ = {
			isa = PBXGroup;
			children = (
				71C2662128F6A5F200ABC56E /* ImageUploader.swift */,
				71C2662328F6A60E00ABC56E /* AuthService.swift */,
			);
			path = API;
			sourceTree = "<group>";
		};
		71A7F41528F5850D00043C2C /* Utils */ = {
			isa = PBXGroup;
			children = (
				71A7F42428F598C800043C2C /* Extensions.swift */,
			);
			path = Utils;
			sourceTree = "<group>";
		};
		71A7F42728F5A8AB00043C2C /* Authentication */ = {
			isa = PBXGroup;
			children = (
				71A7F42928F5A8DA00043C2C /* LoginController.swift */,
				71A7F42B28F5A8E900043C2C /* RegistrationController.swift */,
			);
			path = Authentication;
			sourceTree = "<group>";
		};
/* End PBXGroup section */

/* Begin PBXNativeTarget section */
		71A7F3F628F5846800043C2C /* Flickr App */ = {
			isa = PBXNativeTarget;
			buildConfigurationList = 71A7F40B28F5846900043C2C /* Build configuration list for PBXNativeTarget "Flickr App" */;
			buildPhases = (
				71A7F3F328F5846800043C2C /* Sources */,
				71A7F3F428F5846800043C2C /* Frameworks */,
				71A7F3F528F5846800043C2C /* Resources */,
			);
			buildRules = (
			);
			dependencies = (
			);
			name = "Flickr App";
			packageProductDependencies = (
				71C2660928F6A12200ABC56E /* FirebaseAuth */,
				71C2660B28F6A12200ABC56E /* FirebaseDatabase */,
				71C2660D28F6A12200ABC56E /* FirebaseFirestore */,
				71C2660F28F6A12200ABC56E /* FirebaseFunctions */,
				71C2661128F6A12200ABC56E /* FirebaseMessaging */,
				71C2661328F6A12200ABC56E /* FirebaseStorage */,
				71C2661628F6A18300ABC56E /* SDWebImage */,
				71C2661928F6A1B200ABC56E /* JGProgressHUD */,
				71C2661C28F6A1EB00ABC56E /* ActiveLabel */,
				71C2661F28F6A3DC00ABC56E /* YPImagePicker */,
			);
			productName = "Flickr App";
			productReference = 71A7F3F728F5846800043C2C /* Flickr App.app */;
			productType = "com.apple.product-type.application";
		};
/* End PBXNativeTarget section */

/* Begin PBXProject section */
		71A7F3EF28F5846800043C2C /* Project object */ = {
			isa = PBXProject;
			attributes = {
				BuildIndependentTargetsInParallel = 1;
				LastSwiftUpdateCheck = 1400;
				LastUpgradeCheck = 1400;
				TargetAttributes = {
					71A7F3F628F5846800043C2C = {
						CreatedOnToolsVersion = 14.0;
					};
				};
			};
			buildConfigurationList = 71A7F3F228F5846800043C2C /* Build configuration list for PBXProject "Flickr App" */;
			compatibilityVersion = "Xcode 14.0";
			developmentRegion = en;
			hasScannedForEncodings = 0;
			knownRegions = (
				en,
				Base,
			);
			mainGroup = 71A7F3EE28F5846800043C2C;
			packageReferences = (
				71C2660828F6A12200ABC56E /* XCRemoteSwiftPackageReference "firebase-ios-sdk" */,
				71C2661528F6A18300ABC56E /* XCRemoteSwiftPackageReference "SDWebImage" */,
				71C2661828F6A1B200ABC56E /* XCRemoteSwiftPackageReference "JGProgressHUD" */,
				71C2661B28F6A1EB00ABC56E /* XCRemoteSwiftPackageReference "ActiveLabel.swift" */,
				71C2661E28F6A3DC00ABC56E /* XCRemoteSwiftPackageReference "YPImagePicker" */,
			);
			productRefGroup = 71A7F3F828F5846800043C2C /* Products */;
			projectDirPath = "";
			projectRoot = "";
			targets = (
				71A7F3F628F5846800043C2C /* Flickr App */,
			);
		};
/* End PBXProject section */

/* Begin PBXResourcesBuildPhase section */
		71A7F3F528F5846800043C2C /* Resources */ = {
			isa = PBXResourcesBuildPhase;
			buildActionMask = 2147483647;
			files = (
				71A7F40728F5846900043C2C /* LaunchScreen.storyboard in Resources */,
				71C2660728F6A00F00ABC56E /* GoogleService-Info.plist in Resources */,
				71A7F40428F5846900043C2C /* Assets.xcassets in Resources */,
				71A7F40228F5846800043C2C /* Main.storyboard in Resources */,
			);
			runOnlyForDeploymentPostprocessing = 0;
		};
/* End PBXResourcesBuildPhase section */

/* Begin PBXSourcesBuildPhase section */
		71A7F3F328F5846800043C2C /* Sources */ = {
			isa = PBXSourcesBuildPhase;
			buildActionMask = 2147483647;
			files = (
				71284E3D28F6D281002F0CA6 /* ProfileCell.swift in Sources */,
				7130818228F5D835007F43F9 /* CustomTextField.swift in Sources */,
				71A7F42A28F5A8DA00043C2C /* LoginController.swift in Sources */,
				71A7F42328F597BD00043C2C /* FeedCell.swift in Sources */,
				71A7F41B28F586C900043C2C /* SearchController.swift in Sources */,
				71A7F41F28F586EF00043C2C /* NotificationController.swift in Sources */,
				711C413E28F6071E00C850E6 /* AuthenticationViewModel.swift in Sources */,
				71A7F41D28F586D200043C2C /* ImageSelectorController.swift in Sources */,
				71284E3F28F6D29B002F0CA6 /* ProfileHeader.swift in Sources */,
				71A7F3FB28F5846800043C2C /* AppDelegate.swift in Sources */,
				71A7F42128F5870900043C2C /* ProfileController.swift in Sources */,
				71A7F41928F586BD00043C2C /* FeedController.swift in Sources */,
				71A7F41728F5857000043C2C /* MainTabController.swift in Sources */,
				71A7F42528F598C800043C2C /* Extensions.swift in Sources */,
				71C2662228F6A5F200ABC56E /* ImageUploader.swift in Sources */,
				71C2662428F6A60E00ABC56E /* AuthService.swift in Sources */,
				71A7F3FD28F5846800043C2C /* SceneDelegate.swift in Sources */,
				71A7F42C28F5A8E900043C2C /* RegistrationController.swift in Sources */,
			);
			runOnlyForDeploymentPostprocessing = 0;
		};
/* End PBXSourcesBuildPhase section */

/* Begin PBXVariantGroup section */
		71A7F40028F5846800043C2C /* Main.storyboard */ = {
			isa = PBXVariantGroup;
			children = (
				71A7F40128F5846800043C2C /* Base */,
			);
			name = Main.storyboard;
			sourceTree = "<group>";
		};
		71A7F40528F5846900043C2C /* LaunchScreen.storyboard */ = {
			isa = PBXVariantGroup;
			children = (
				71A7F40628F5846900043C2C /* Base */,
			);
			name = LaunchScreen.storyboard;
			sourceTree = "<group>";
		};
/* End PBXVariantGroup section */

/* Begin XCBuildConfiguration section */
		71A7F40928F5846900043C2C /* Debug */ = {
			isa = XCBuildConfiguration;
			buildSettings = {
				ALWAYS_SEARCH_USER_PATHS = NO;
				CLANG_ANALYZER_NONNULL = YES;
				CLANG_ANALYZER_NUMBER_OBJECT_CONVERSION = YES_AGGRESSIVE;
				CLANG_CXX_LANGUAGE_STANDARD = "gnu++20";
				CLANG_ENABLE_MODULES = YES;
				CLANG_ENABLE_OBJC_ARC = YES;
				CLANG_ENABLE_OBJC_WEAK = YES;
				CLANG_WARN_BLOCK_CAPTURE_AUTORELEASING = YES;
				CLANG_WARN_BOOL_CONVERSION = YES;
				CLANG_WARN_COMMA = YES;
				CLANG_WARN_CONSTANT_CONVERSION = YES;
				CLANG_WARN_DEPRECATED_OBJC_IMPLEMENTATIONS = YES;
				CLANG_WARN_DIRECT_OBJC_ISA_USAGE = YES_ERROR;
				CLANG_WARN_DOCUMENTATION_COMMENTS = YES;
				CLANG_WARN_EMPTY_BODY = YES;
				CLANG_WARN_ENUM_CONVERSION = YES;
				CLANG_WARN_INFINITE_RECURSION = YES;
				CLANG_WARN_INT_CONVERSION = YES;
				CLANG_WARN_NON_LITERAL_NULL_CONVERSION = YES;
				CLANG_WARN_OBJC_IMPLICIT_RETAIN_SELF = YES;
				CLANG_WARN_OBJC_LITERAL_CONVERSION = YES;
				CLANG_WARN_OBJC_ROOT_CLASS = YES_ERROR;
				CLANG_WARN_QUOTED_INCLUDE_IN_FRAMEWORK_HEADER = YES;
				CLANG_WARN_RANGE_LOOP_ANALYSIS = YES;
				CLANG_WARN_STRICT_PROTOTYPES = YES;
				CLANG_WARN_SUSPICIOUS_MOVE = YES;
				CLANG_WARN_UNGUARDED_AVAILABILITY = YES_AGGRESSIVE;
				CLANG_WARN_UNREACHABLE_CODE = YES;
				CLANG_WARN__DUPLICATE_METHOD_MATCH = YES;
				COPY_PHASE_STRIP = NO;
				DEBUG_INFORMATION_FORMAT = dwarf;
				ENABLE_STRICT_OBJC_MSGSEND = YES;
				ENABLE_TESTABILITY = YES;
				GCC_C_LANGUAGE_STANDARD = gnu11;
				GCC_DYNAMIC_NO_PIC = NO;
				GCC_NO_COMMON_BLOCKS = YES;
				GCC_OPTIMIZATION_LEVEL = 0;
				GCC_PREPROCESSOR_DEFINITIONS = (
					"DEBUG=1",
					"$(inherited)",
				);
				GCC_WARN_64_TO_32_BIT_CONVERSION = YES;
				GCC_WARN_ABOUT_RETURN_TYPE = YES_ERROR;
				GCC_WARN_UNDECLARED_SELECTOR = YES;
				GCC_WARN_UNINITIALIZED_AUTOS = YES_AGGRESSIVE;
				GCC_WARN_UNUSED_FUNCTION = YES;
				GCC_WARN_UNUSED_VARIABLE = YES;
				IPHONEOS_DEPLOYMENT_TARGET = 16.0;
				MTL_ENABLE_DEBUG_INFO = INCLUDE_SOURCE;
				MTL_FAST_MATH = YES;
				ONLY_ACTIVE_ARCH = YES;
				SDKROOT = iphoneos;
				SWIFT_ACTIVE_COMPILATION_CONDITIONS = DEBUG;
				SWIFT_OPTIMIZATION_LEVEL = "-Onone";
			};
			name = Debug;
		};
		71A7F40A28F5846900043C2C /* Release */ = {
			isa = XCBuildConfiguration;
			buildSettings = {
				ALWAYS_SEARCH_USER_PATHS = NO;
				CLANG_ANALYZER_NONNULL = YES;
				CLANG_ANALYZER_NUMBER_OBJECT_CONVERSION = YES_AGGRESSIVE;
				CLANG_CXX_LANGUAGE_STANDARD = "gnu++20";
				CLANG_ENABLE_MODULES = YES;
				CLANG_ENABLE_OBJC_ARC = YES;
				CLANG_ENABLE_OBJC_WEAK = YES;
				CLANG_WARN_BLOCK_CAPTURE_AUTORELEASING = YES;
				CLANG_WARN_BOOL_CONVERSION = YES;
				CLANG_WARN_COMMA = YES;
				CLANG_WARN_CONSTANT_CONVERSION = YES;
				CLANG_WARN_DEPRECATED_OBJC_IMPLEMENTATIONS = YES;
				CLANG_WARN_DIRECT_OBJC_ISA_USAGE = YES_ERROR;
				CLANG_WARN_DOCUMENTATION_COMMENTS = YES;
				CLANG_WARN_EMPTY_BODY = YES;
				CLANG_WARN_ENUM_CONVERSION = YES;
				CLANG_WARN_INFINITE_RECURSION = YES;
				CLANG_WARN_INT_CONVERSION = YES;
				CLANG_WARN_NON_LITERAL_NULL_CONVERSION = YES;
				CLANG_WARN_OBJC_IMPLICIT_RETAIN_SELF = YES;
				CLANG_WARN_OBJC_LITERAL_CONVERSION = YES;
				CLANG_WARN_OBJC_ROOT_CLASS = YES_ERROR;
				CLANG_WARN_QUOTED_INCLUDE_IN_FRAMEWORK_HEADER = YES;
				CLANG_WARN_RANGE_LOOP_ANALYSIS = YES;
				CLANG_WARN_STRICT_PROTOTYPES = YES;
				CLANG_WARN_SUSPICIOUS_MOVE = YES;
				CLANG_WARN_UNGUARDED_AVAILABILITY = YES_AGGRESSIVE;
				CLANG_WARN_UNREACHABLE_CODE = YES;
				CLANG_WARN__DUPLICATE_METHOD_MATCH = YES;
				COPY_PHASE_STRIP = NO;
				DEBUG_INFORMATION_FORMAT = "dwarf-with-dsym";
				ENABLE_NS_ASSERTIONS = NO;
				ENABLE_STRICT_OBJC_MSGSEND = YES;
				GCC_C_LANGUAGE_STANDARD = gnu11;
				GCC_NO_COMMON_BLOCKS = YES;
				GCC_WARN_64_TO_32_BIT_CONVERSION = YES;
				GCC_WARN_ABOUT_RETURN_TYPE = YES_ERROR;
				GCC_WARN_UNDECLARED_SELECTOR = YES;
				GCC_WARN_UNINITIALIZED_AUTOS = YES_AGGRESSIVE;
				GCC_WARN_UNUSED_FUNCTION = YES;
				GCC_WARN_UNUSED_VARIABLE = YES;
				IPHONEOS_DEPLOYMENT_TARGET = 16.0;
				MTL_ENABLE_DEBUG_INFO = NO;
				MTL_FAST_MATH = YES;
				SDKROOT = iphoneos;
				SWIFT_COMPILATION_MODE = wholemodule;
				SWIFT_OPTIMIZATION_LEVEL = "-O";
				VALIDATE_PRODUCT = YES;
			};
			name = Release;
		};
		71A7F40C28F5846900043C2C /* Debug */ = {
			isa = XCBuildConfiguration;
			buildSettings = {
				ASSETCATALOG_COMPILER_APPICON_NAME = AppIcon;
				ASSETCATALOG_COMPILER_GLOBAL_ACCENT_COLOR_NAME = AccentColor;
				CODE_SIGN_STYLE = Automatic;
				CURRENT_PROJECT_VERSION = 1;
				DEVELOPMENT_TEAM = FAHJ57W2W9;
				GENERATE_INFOPLIST_FILE = YES;
				INFOPLIST_FILE = "Flickr App/Info.plist";
				INFOPLIST_KEY_UIApplicationSupportsIndirectInputEvents = YES;
				INFOPLIST_KEY_UILaunchStoryboardName = LaunchScreen;
				INFOPLIST_KEY_UIMainStoryboardFile = Main;
				INFOPLIST_KEY_UISupportedInterfaceOrientations_iPad = "UIInterfaceOrientationPortrait UIInterfaceOrientationPortraitUpsideDown UIInterfaceOrientationLandscapeLeft UIInterfaceOrientationLandscapeRight";
				INFOPLIST_KEY_UISupportedInterfaceOrientations_iPhone = "UIInterfaceOrientationPortrait UIInterfaceOrientationLandscapeLeft UIInterfaceOrientationLandscapeRight";
				LD_RUNPATH_SEARCH_PATHS = (
					"$(inherited)",
					"@executable_path/Frameworks",
				);
				MARKETING_VERSION = 1.0;
				PRODUCT_BUNDLE_IDENTIFIER = "com.oguzhankin.Flickr-App";
				PRODUCT_NAME = "$(TARGET_NAME)";
				SWIFT_EMIT_LOC_STRINGS = YES;
				SWIFT_VERSION = 5.0;
				TARGETED_DEVICE_FAMILY = "1,2";
			};
			name = Debug;
		};
		71A7F40D28F5846900043C2C /* Release */ = {
			isa = XCBuildConfiguration;
			buildSettings = {
				ASSETCATALOG_COMPILER_APPICON_NAME = AppIcon;
				ASSETCATALOG_COMPILER_GLOBAL_ACCENT_COLOR_NAME = AccentColor;
				CODE_SIGN_STYLE = Automatic;
				CURRENT_PROJECT_VERSION = 1;
				DEVELOPMENT_TEAM = FAHJ57W2W9;
				GENERATE_INFOPLIST_FILE = YES;
				INFOPLIST_FILE = "Flickr App/Info.plist";
				INFOPLIST_KEY_UIApplicationSupportsIndirectInputEvents = YES;
				INFOPLIST_KEY_UILaunchStoryboardName = LaunchScreen;
				INFOPLIST_KEY_UIMainStoryboardFile = Main;
				INFOPLIST_KEY_UISupportedInterfaceOrientations_iPad = "UIInterfaceOrientationPortrait UIInterfaceOrientationPortraitUpsideDown UIInterfaceOrientationLandscapeLeft UIInterfaceOrientationLandscapeRight";
				INFOPLIST_KEY_UISupportedInterfaceOrientations_iPhone = "UIInterfaceOrientationPortrait UIInterfaceOrientationLandscapeLeft UIInterfaceOrientationLandscapeRight";
				LD_RUNPATH_SEARCH_PATHS = (
					"$(inherited)",
					"@executable_path/Frameworks",
				);
				MARKETING_VERSION = 1.0;
				PRODUCT_BUNDLE_IDENTIFIER = "com.oguzhankin.Flickr-App";
				PRODUCT_NAME = "$(TARGET_NAME)";
				SWIFT_EMIT_LOC_STRINGS = YES;
				SWIFT_VERSION = 5.0;
				TARGETED_DEVICE_FAMILY = "1,2";
			};
			name = Release;
		};
/* End XCBuildConfiguration section */

/* Begin XCConfigurationList section */
		71A7F3F228F5846800043C2C /* Build configuration list for PBXProject "Flickr App" */ = {
			isa = XCConfigurationList;
			buildConfigurations = (
				71A7F40928F5846900043C2C /* Debug */,
				71A7F40A28F5846900043C2C /* Release */,
			);
			defaultConfigurationIsVisible = 0;
			defaultConfigurationName = Release;
		};
		71A7F40B28F5846900043C2C /* Build configuration list for PBXNativeTarget "Flickr App" */ = {
			isa = XCConfigurationList;
			buildConfigurations = (
				71A7F40C28F5846900043C2C /* Debug */,
				71A7F40D28F5846900043C2C /* Release */,
			);
			defaultConfigurationIsVisible = 0;
			defaultConfigurationName = Release;
		};
/* End XCConfigurationList section */

/* Begin XCRemoteSwiftPackageReference section */
		71C2660828F6A12200ABC56E /* XCRemoteSwiftPackageReference "firebase-ios-sdk" */ = {
			isa = XCRemoteSwiftPackageReference;
			repositoryURL = "https://github.com/firebase/firebase-ios-sdk.git";
			requirement = {
				branch = master;
				kind = branch;
			};
		};
		71C2661528F6A18300ABC56E /* XCRemoteSwiftPackageReference "SDWebImage" */ = {
			isa = XCRemoteSwiftPackageReference;
			repositoryURL = "https://github.com/SDWebImage/SDWebImage.git";
			requirement = {
				branch = master;
				kind = branch;
			};
		};
		71C2661828F6A1B200ABC56E /* XCRemoteSwiftPackageReference "JGProgressHUD" */ = {
			isa = XCRemoteSwiftPackageReference;
			repositoryURL = "https://github.com/JonasGessner/JGProgressHUD.git";
			requirement = {
				kind = upToNextMajorVersion;
				minimumVersion = 2.0.0;
			};
		};
		71C2661B28F6A1EB00ABC56E /* XCRemoteSwiftPackageReference "ActiveLabel.swift" */ = {
			isa = XCRemoteSwiftPackageReference;
			repositoryURL = "https://github.com/optonaut/ActiveLabel.swift.git";
			requirement = {
				kind = upToNextMajorVersion;
				minimumVersion = 1.0.0;
			};
		};
		71C2661E28F6A3DC00ABC56E /* XCRemoteSwiftPackageReference "YPImagePicker" */ = {
			isa = XCRemoteSwiftPackageReference;
			repositoryURL = "https://github.com/Yummypets/YPImagePicker.git";
			requirement = {
				kind = upToNextMajorVersion;
				minimumVersion = 5.0.0;
			};
		};
/* End XCRemoteSwiftPackageReference section */

/* Begin XCSwiftPackageProductDependency section */
		71C2660928F6A12200ABC56E /* FirebaseAuth */ = {
			isa = XCSwiftPackageProductDependency;
			package = 71C2660828F6A12200ABC56E /* XCRemoteSwiftPackageReference "firebase-ios-sdk" */;
			productName = FirebaseAuth;
		};
		71C2660B28F6A12200ABC56E /* FirebaseDatabase */ = {
			isa = XCSwiftPackageProductDependency;
			package = 71C2660828F6A12200ABC56E /* XCRemoteSwiftPackageReference "firebase-ios-sdk" */;
			productName = FirebaseDatabase;
		};
		71C2660D28F6A12200ABC56E /* FirebaseFirestore */ = {
			isa = XCSwiftPackageProductDependency;
			package = 71C2660828F6A12200ABC56E /* XCRemoteSwiftPackageReference "firebase-ios-sdk" */;
			productName = FirebaseFirestore;
		};
		71C2660F28F6A12200ABC56E /* FirebaseFunctions */ = {
			isa = XCSwiftPackageProductDependency;
			package = 71C2660828F6A12200ABC56E /* XCRemoteSwiftPackageReference "firebase-ios-sdk" */;
			productName = FirebaseFunctions;
		};
		71C2661128F6A12200ABC56E /* FirebaseMessaging */ = {
			isa = XCSwiftPackageProductDependency;
			package = 71C2660828F6A12200ABC56E /* XCRemoteSwiftPackageReference "firebase-ios-sdk" */;
			productName = FirebaseMessaging;
		};
		71C2661328F6A12200ABC56E /* FirebaseStorage */ = {
			isa = XCSwiftPackageProductDependency;
			package = 71C2660828F6A12200ABC56E /* XCRemoteSwiftPackageReference "firebase-ios-sdk" */;
			productName = FirebaseStorage;
		};
		71C2661628F6A18300ABC56E /* SDWebImage */ = {
			isa = XCSwiftPackageProductDependency;
			package = 71C2661528F6A18300ABC56E /* XCRemoteSwiftPackageReference "SDWebImage" */;
			productName = SDWebImage;
		};
		71C2661928F6A1B200ABC56E /* JGProgressHUD */ = {
			isa = XCSwiftPackageProductDependency;
			package = 71C2661828F6A1B200ABC56E /* XCRemoteSwiftPackageReference "JGProgressHUD" */;
			productName = JGProgressHUD;
		};
		71C2661C28F6A1EB00ABC56E /* ActiveLabel */ = {
			isa = XCSwiftPackageProductDependency;
			package = 71C2661B28F6A1EB00ABC56E /* XCRemoteSwiftPackageReference "ActiveLabel.swift" */;
			productName = ActiveLabel;
		};
		71C2661F28F6A3DC00ABC56E /* YPImagePicker */ = {
			isa = XCSwiftPackageProductDependency;
			package = 71C2661E28F6A3DC00ABC56E /* XCRemoteSwiftPackageReference "YPImagePicker" */;
			productName = YPImagePicker;
		};
/* End XCSwiftPackageProductDependency section */
	};
	rootObject = 71A7F3EF28F5846800043C2C /* Project object */;
}
